
Microsoft Visual Studio Solution File, Format Version 12.00
Project("{2150E333-8FDC-42A3-9474-1A3956D46DE8}") = "services", "services", "{73703BAF-1525-4A5F-A39D-613EF545FDD7}"
EndProject
Project("{FAE04EC0-301F-11D3-BF4B-00C04F79EFBC}") = "ModuleTest.AdministrationService.HttpApi.Host", "services\administration\src\ModuleTest.AdministrationService.HttpApi.Host\ModuleTest.AdministrationService.HttpApi.Host.csproj", "{28C76D60-5196-4840-AE3B-5F853C723588}"
EndProject
Project("{FAE04EC0-301F-11D3-BF4B-00C04F79EFBC}") = "ModuleTest.IdentityService.HttpApi.Host", "services\identity\src\ModuleTest.IdentityService.HttpApi.Host\ModuleTest.IdentityService.HttpApi.Host.csproj", "{426A3223-8EB4-4A74-B1AA-2083C5AA6CCC}"
EndProject
Project("{FAE04EC0-301F-11D3-BF4B-00C04F79EFBC}") = "ModuleTest.ProductService.HttpApi.Host", "services\product\src\ModuleTest.ProductService.HttpApi.Host\ModuleTest.ProductService.HttpApi.Host.csproj", "{C23A207A-56FA-4610-A0BC-EA102DAA1805}"
EndProject
Project("{FAE04EC0-301F-11D3-BF4B-00C04F79EFBC}") = "ModuleTest.SaasService.HttpApi.Host", "services\saas\src\ModuleTest.SaasService.HttpApi.Host\ModuleTest.SaasService.HttpApi.Host.csproj", "{85EACDBA-1FDB-42D3-90E0-B6B6584F4B95}"
EndProject
Project("{2150E333-8FDC-42A3-9474-1A3956D46DE8}") = "gateways", "gateways", "{4CB89237-102D-4AED-A38F-C7EFEA0562D4}"
EndProject
Project("{FAE04EC0-301F-11D3-BF4B-00C04F79EFBC}") = "ModuleTest.WebGateway", "gateways\web\src\ModuleTest.WebGateway\ModuleTest.WebGateway.csproj", "{627D4977-3EC9-41B8-B9C1-8FB95F1E36FF}"
EndProject
Project("{FAE04EC0-301F-11D3-BF4B-00C04F79EFBC}") = "ModuleTest.PublicWebGateway", "gateways\web-public\src\ModuleTest.PublicWebGateway\ModuleTest.PublicWebGateway.csproj", "{E638D90C-0D8C-47B1-955A-FF7174C7EFE6}"
EndProject
Project("{2150E333-8FDC-42A3-9474-1A3956D46DE8}") = "apps", "apps", "{DE5E7FC6-6C83-45F8-88BB-EB77C2720DE4}"
EndProject
Project("{FAE04EC0-301F-11D3-BF4B-00C04F79EFBC}") = "ModuleTest.AuthServer", "apps\auth-server\src\ModuleTest.AuthServer\ModuleTest.AuthServer.csproj", "{C28CDFE7-8ABA-43C6-9BEB-5619F5A44F14}"
EndProject
Project("{2150E333-8FDC-42A3-9474-1A3956D46DE8}") = "shared", "shared", "{AA0E8A96-C8F7-4583-B563-1AB39BA1136B}"
EndProject
Project("{FAE04EC0-301F-11D3-BF4B-00C04F79EFBC}") = "ModuleTest.DbMigrator", "shared\ModuleTest.DbMigrator\ModuleTest.DbMigrator.csproj", "{35F7DD61-060C-4960-9501-B82495AF081C}"
EndProject
Project("{FAE04EC0-301F-11D3-BF4B-00C04F79EFBC}") = "ModuleTest.Shared.Hosting.AspNetCore", "shared\ModuleTest.Shared.Hosting.AspNetCore\ModuleTest.Shared.Hosting.AspNetCore.csproj", "{CC1CBB94-8FC6-4CC9-B82B-DF586AA7F502}"
EndProject
Project("{FAE04EC0-301F-11D3-BF4B-00C04F79EFBC}") = "ModuleTest.Shared.Hosting.Microservices", "shared\ModuleTest.Shared.Hosting.Microservices\ModuleTest.Shared.Hosting.Microservices.csproj", "{7950CAD9-12D5-4156-9C15-65E185C41AD5}"
EndProject
Project("{FAE04EC0-301F-11D3-BF4B-00C04F79EFBC}") = "ModuleTest.Shared.Localization", "shared\ModuleTest.Shared.Localization\ModuleTest.Shared.Localization.csproj", "{6DEBDC47-B9A2-4286-AB99-943BE010FF1A}"
EndProject
Project("{FAE04EC0-301F-11D3-BF4B-00C04F79EFBC}") = "ModuleTest.Shared.Hosting.Gateways", "shared\ModuleTest.Shared.Hosting.Gateways\ModuleTest.Shared.Hosting.Gateways.csproj", "{31766361-B99B-4A26-BAB3-70958BD5CCCA}"
EndProject
Project("{FAE04EC0-301F-11D3-BF4B-00C04F79EFBC}") = "ModuleTest.Shared.Hosting", "shared\ModuleTest.Shared.Hosting\ModuleTest.Shared.Hosting.csproj", "{155290BF-E0C9-45BC-AF12-F1213971A77A}"
EndProject
Project("{2150E333-8FDC-42A3-9474-1A3956D46DE8}") = "auth-server", "auth-server", "{23C2B94D-30AD-B1BE-64BC-C20861441EBC}"
EndProject
Project("{2150E333-8FDC-42A3-9474-1A3956D46DE8}") = "src", "src", "{AF36745D-7C5C-2011-E7C8-F967D78E061E}"
EndProject
Project("{2150E333-8FDC-42A3-9474-1A3956D46DE8}") = "web", "web", "{ECFEB673-E5B9-7A3E-285E-577B6014F5DB}"
EndProject
Project("{2150E333-8FDC-42A3-9474-1A3956D46DE8}") = "src", "src", "{B757C9E7-E70B-AC24-D8E1-FC2D6C00EF54}"
EndProject
Project("{2150E333-8FDC-42A3-9474-1A3956D46DE8}") = "web-public", "web-public", "{B096B4C1-D525-AA81-FF7C-830E9ED25A26}"
EndProject
Project("{2150E333-8FDC-42A3-9474-1A3956D46DE8}") = "src", "src", "{62E73505-87B8-43CC-DF97-0B41B4FBB79B}"
EndProject
Project("{2150E333-8FDC-42A3-9474-1A3956D46DE8}") = "administration", "administration", "{337CAB2E-B1B9-9BEB-C1CD-6C7EC3B5C76C}"
EndProject
Project("{2150E333-8FDC-42A3-9474-1A3956D46DE8}") = "src", "src", "{9EEF3F71-F811-5F95-ECF0-F633874FD69B}"
EndProject
Project("{FAE04EC0-301F-11D3-BF4B-00C04F79EFBC}") = "ModuleTest.AdministrationService.Application", "services\administration\src\ModuleTest.AdministrationService.Application\ModuleTest.AdministrationService.Application.csproj", "{13B1635C-6105-46A6-AF99-2E3E16E38F49}"
EndProject
Project("{FAE04EC0-301F-11D3-BF4B-00C04F79EFBC}") = "ModuleTest.AdministrationService.Application.Contracts", "services\administration\src\ModuleTest.AdministrationService.Application.Contracts\ModuleTest.AdministrationService.Application.Contracts.csproj", "{1FB25DFB-1965-483A-8A9B-5EC1C29B3CC9}"
EndProject
Project("{FAE04EC0-301F-11D3-BF4B-00C04F79EFBC}") = "ModuleTest.AdministrationService.Domain", "services\administration\src\ModuleTest.AdministrationService.Domain\ModuleTest.AdministrationService.Domain.csproj", "{65A4D1F7-66E8-497A-AE73-D653900714A0}"
EndProject
Project("{FAE04EC0-301F-11D3-BF4B-00C04F79EFBC}") = "ModuleTest.AdministrationService.Domain.Shared", "services\administration\src\ModuleTest.AdministrationService.Domain.Shared\ModuleTest.AdministrationService.Domain.Shared.csproj", "{F6268BA3-DF30-4C37-AA8C-6AB2F95B5792}"
EndProject
Project("{FAE04EC0-301F-11D3-BF4B-00C04F79EFBC}") = "ModuleTest.AdministrationService.EntityFrameworkCore", "services\administration\src\ModuleTest.AdministrationService.EntityFrameworkCore\ModuleTest.AdministrationService.EntityFrameworkCore.csproj", "{2F4E81D9-20CF-408B-88C0-7365C5C05897}"
EndProject
Project("{FAE04EC0-301F-11D3-BF4B-00C04F79EFBC}") = "ModuleTest.AdministrationService.HttpApi", "services\administration\src\ModuleTest.AdministrationService.HttpApi\ModuleTest.AdministrationService.HttpApi.csproj", "{34504A14-594E-4788-9CC9-E7FAAC3D5531}"
EndProject
Project("{FAE04EC0-301F-11D3-BF4B-00C04F79EFBC}") = "ModuleTest.AdministrationService.HttpApi.Client", "services\administration\src\ModuleTest.AdministrationService.HttpApi.Client\ModuleTest.AdministrationService.HttpApi.Client.csproj", "{6186DCC8-A166-4FF9-813F-68688310A59A}"
EndProject
Project("{FAE04EC0-301F-11D3-BF4B-00C04F79EFBC}") = "ModuleTest.AdministrationService.Web", "services\administration\src\ModuleTest.AdministrationService.Web\ModuleTest.AdministrationService.Web.csproj", "{1A80BB97-2982-4691-9B47-316618DFBB0D}"
EndProject
Project("{2150E333-8FDC-42A3-9474-1A3956D46DE8}") = "test", "test", "{51911D91-F086-5B1E-FCE3-39664A674852}"
EndProject
Project("{FAE04EC0-301F-11D3-BF4B-00C04F79EFBC}") = "ModuleTest.AdministrationService.Application.Tests", "services\administration\test\ModuleTest.AdministrationService.Application.Tests\ModuleTest.AdministrationService.Application.Tests.csproj", "{86D66E2B-4418-4D47-9AD3-2746DD38FC97}"
EndProject
Project("{FAE04EC0-301F-11D3-BF4B-00C04F79EFBC}") = "ModuleTest.AdministrationService.Domain.Tests", "services\administration\test\ModuleTest.AdministrationService.Domain.Tests\ModuleTest.AdministrationService.Domain.Tests.csproj", "{0C60D4AA-A5C2-4279-A9A8-F9A8B81BB17B}"
EndProject
Project("{FAE04EC0-301F-11D3-BF4B-00C04F79EFBC}") = "ModuleTest.AdministrationService.EntityFrameworkCore.Tests", "services\administration\test\ModuleTest.AdministrationService.EntityFrameworkCore.Tests\ModuleTest.AdministrationService.EntityFrameworkCore.Tests.csproj", "{4D5033D7-F5A4-4D7B-BE41-BC050559A8C6}"
EndProject
Project("{FAE04EC0-301F-11D3-BF4B-00C04F79EFBC}") = "ModuleTest.AdministrationService.TestBase", "services\administration\test\ModuleTest.AdministrationService.TestBase\ModuleTest.AdministrationService.TestBase.csproj", "{3260C815-F867-45D1-B225-E2559DE52413}"
EndProject
Project("{2150E333-8FDC-42A3-9474-1A3956D46DE8}") = "identity", "identity", "{62F680B5-5187-BDE6-1A25-A2882F39F610}"
EndProject
Project("{2150E333-8FDC-42A3-9474-1A3956D46DE8}") = "src", "src", "{F4997EA7-9F4D-5A59-4DFE-EE7A31F5A2CC}"
EndProject
Project("{FAE04EC0-301F-11D3-BF4B-00C04F79EFBC}") = "ModuleTest.IdentityService.Application", "services\identity\src\ModuleTest.IdentityService.Application\ModuleTest.IdentityService.Application.csproj", "{803B3377-8465-40FB-98B5-33F818EFE854}"
EndProject
Project("{FAE04EC0-301F-11D3-BF4B-00C04F79EFBC}") = "ModuleTest.IdentityService.Application.Contracts", "services\identity\src\ModuleTest.IdentityService.Application.Contracts\ModuleTest.IdentityService.Application.Contracts.csproj", "{7550FE2D-33F2-4CAF-B233-98399BA7C0A0}"
EndProject
Project("{FAE04EC0-301F-11D3-BF4B-00C04F79EFBC}") = "ModuleTest.IdentityService.Domain", "services\identity\src\ModuleTest.IdentityService.Domain\ModuleTest.IdentityService.Domain.csproj", "{6C389C3E-DC1E-4CC5-AFC1-7BF49E759BAA}"
EndProject
Project("{FAE04EC0-301F-11D3-BF4B-00C04F79EFBC}") = "ModuleTest.IdentityService.Domain.Shared", "services\identity\src\ModuleTest.IdentityService.Domain.Shared\ModuleTest.IdentityService.Domain.Shared.csproj", "{5CBB4996-F326-48C8-B9D1-4BEB9795516E}"
EndProject
Project("{FAE04EC0-301F-11D3-BF4B-00C04F79EFBC}") = "ModuleTest.IdentityService.EntityFrameworkCore", "services\identity\src\ModuleTest.IdentityService.EntityFrameworkCore\ModuleTest.IdentityService.EntityFrameworkCore.csproj", "{6D791E46-AB1F-43B6-A238-6958F37C2D6D}"
EndProject
Project("{FAE04EC0-301F-11D3-BF4B-00C04F79EFBC}") = "ModuleTest.IdentityService.HttpApi", "services\identity\src\ModuleTest.IdentityService.HttpApi\ModuleTest.IdentityService.HttpApi.csproj", "{23760433-9B48-488C-BA2A-F4717D9E3CB0}"
EndProject
Project("{FAE04EC0-301F-11D3-BF4B-00C04F79EFBC}") = "ModuleTest.IdentityService.HttpApi.Client", "services\identity\src\ModuleTest.IdentityService.HttpApi.Client\ModuleTest.IdentityService.HttpApi.Client.csproj", "{0DD5BA00-8574-41B8-8B26-80B73897F3FF}"
EndProject
Project("{FAE04EC0-301F-11D3-BF4B-00C04F79EFBC}") = "ModuleTest.IdentityService.Web", "services\identity\src\ModuleTest.IdentityService.Web\ModuleTest.IdentityService.Web.csproj", "{37F2434E-4D95-421A-9F60-ACBC03614BC9}"
EndProject
Project("{2150E333-8FDC-42A3-9474-1A3956D46DE8}") = "test", "test", "{3A1E6E62-5F48-386D-B45D-45BF34EBD41C}"
EndProject
Project("{FAE04EC0-301F-11D3-BF4B-00C04F79EFBC}") = "ModuleTest.IdentityService.Application.Tests", "services\identity\test\ModuleTest.IdentityService.Application.Tests\ModuleTest.IdentityService.Application.Tests.csproj", "{B97EDC1F-BECC-414F-BCA8-C59DB1BC784A}"
EndProject
Project("{FAE04EC0-301F-11D3-BF4B-00C04F79EFBC}") = "ModuleTest.IdentityService.Domain.Tests", "services\identity\test\ModuleTest.IdentityService.Domain.Tests\ModuleTest.IdentityService.Domain.Tests.csproj", "{F65B7D3A-6A8B-4FA8-B7CC-F75933644889}"
EndProject
Project("{FAE04EC0-301F-11D3-BF4B-00C04F79EFBC}") = "ModuleTest.IdentityService.EntityFrameworkCore.Tests", "services\identity\test\ModuleTest.IdentityService.EntityFrameworkCore.Tests\ModuleTest.IdentityService.EntityFrameworkCore.Tests.csproj", "{04E816B9-1CD8-4AD9-AE61-DEBF6941EBA5}"
EndProject
Project("{FAE04EC0-301F-11D3-BF4B-00C04F79EFBC}") = "ModuleTest.IdentityService.TestBase", "services\identity\test\ModuleTest.IdentityService.TestBase\ModuleTest.IdentityService.TestBase.csproj", "{6FD4A4DC-5594-482B-9DB3-47155AD79B8E}"
EndProject
Project("{2150E333-8FDC-42A3-9474-1A3956D46DE8}") = "product", "product", "{D14EF396-9D2E-7E61-69C1-381DC1E1C0C0}"
EndProject
Project("{2150E333-8FDC-42A3-9474-1A3956D46DE8}") = "src", "src", "{60D27170-D1D7-0B3A-355C-B449CD60B933}"
EndProject
Project("{FAE04EC0-301F-11D3-BF4B-00C04F79EFBC}") = "ModuleTest.ProductService.Application", "services\product\src\ModuleTest.ProductService.Application\ModuleTest.ProductService.Application.csproj", "{3B391D37-09D8-441F-B9A1-6CE5EE00EF74}"
EndProject
Project("{FAE04EC0-301F-11D3-BF4B-00C04F79EFBC}") = "ModuleTest.ProductService.Application.Contracts", "services\product\src\ModuleTest.ProductService.Application.Contracts\ModuleTest.ProductService.Application.Contracts.csproj", "{C4249536-C6E9-44B9-B921-B84E9404BB0C}"
EndProject
Project("{FAE04EC0-301F-11D3-BF4B-00C04F79EFBC}") = "ModuleTest.ProductService.Domain", "services\product\src\ModuleTest.ProductService.Domain\ModuleTest.ProductService.Domain.csproj", "{EE296738-CA7C-4769-9DC2-4126C9AB29F1}"
EndProject
Project("{FAE04EC0-301F-11D3-BF4B-00C04F79EFBC}") = "ModuleTest.ProductService.Domain.Shared", "services\product\src\ModuleTest.ProductService.Domain.Shared\ModuleTest.ProductService.Domain.Shared.csproj", "{A1474CC2-F095-4991-B80B-548EBCACF8E5}"
EndProject
Project("{FAE04EC0-301F-11D3-BF4B-00C04F79EFBC}") = "ModuleTest.ProductService.EntityFrameworkCore", "services\product\src\ModuleTest.ProductService.EntityFrameworkCore\ModuleTest.ProductService.EntityFrameworkCore.csproj", "{DEF9C01E-7E30-4422-9190-CF354FA9ACA0}"
EndProject
Project("{FAE04EC0-301F-11D3-BF4B-00C04F79EFBC}") = "ModuleTest.ProductService.HttpApi", "services\product\src\ModuleTest.ProductService.HttpApi\ModuleTest.ProductService.HttpApi.csproj", "{5FDC151D-BB6D-431C-A27C-5DD945D85A78}"
EndProject
Project("{FAE04EC0-301F-11D3-BF4B-00C04F79EFBC}") = "ModuleTest.ProductService.HttpApi.Client", "services\product\src\ModuleTest.ProductService.HttpApi.Client\ModuleTest.ProductService.HttpApi.Client.csproj", "{4B1B9A36-1A97-4546-8555-AE533232BDFC}"
EndProject
Project("{FAE04EC0-301F-11D3-BF4B-00C04F79EFBC}") = "ModuleTest.ProductService.Web", "services\product\src\ModuleTest.ProductService.Web\ModuleTest.ProductService.Web.csproj", "{9D4D0A24-6C69-4BA6-810A-1E2D85E161BF}"
EndProject
Project("{2150E333-8FDC-42A3-9474-1A3956D46DE8}") = "test", "test", "{BB2B7957-3917-8E4C-AF90-13665837272F}"
EndProject
Project("{FAE04EC0-301F-11D3-BF4B-00C04F79EFBC}") = "ModuleTest.ProductService.Application.Tests", "services\product\test\ModuleTest.ProductService.Application.Tests\ModuleTest.ProductService.Application.Tests.csproj", "{06DD21B1-0309-49E6-84F6-9C549A2B643C}"
EndProject
Project("{FAE04EC0-301F-11D3-BF4B-00C04F79EFBC}") = "ModuleTest.ProductService.Domain.Tests", "services\product\test\ModuleTest.ProductService.Domain.Tests\ModuleTest.ProductService.Domain.Tests.csproj", "{0A80183A-B28D-4EC4-8B1A-AADAFFE3DC18}"
EndProject
Project("{FAE04EC0-301F-11D3-BF4B-00C04F79EFBC}") = "ModuleTest.ProductService.EntityFrameworkCore.Tests", "services\product\test\ModuleTest.ProductService.EntityFrameworkCore.Tests\ModuleTest.ProductService.EntityFrameworkCore.Tests.csproj", "{ABFBF794-7520-40FD-BBF7-FE92CD1A3D7F}"
EndProject
Project("{FAE04EC0-301F-11D3-BF4B-00C04F79EFBC}") = "ModuleTest.ProductService.TestBase", "services\product\test\ModuleTest.ProductService.TestBase\ModuleTest.ProductService.TestBase.csproj", "{11BE55F3-A0FC-43E0-BF58-D695816D1A8A}"
EndProject
Project("{2150E333-8FDC-42A3-9474-1A3956D46DE8}") = "saas", "saas", "{914F87BF-471B-83F5-924E-1B35F5E7C09E}"
EndProject
Project("{2150E333-8FDC-42A3-9474-1A3956D46DE8}") = "src", "src", "{4794C457-D688-015E-12B8-4C52611E0E59}"
EndProject
Project("{FAE04EC0-301F-11D3-BF4B-00C04F79EFBC}") = "ModuleTest.SaasService.Application", "services\saas\src\ModuleTest.SaasService.Application\ModuleTest.SaasService.Application.csproj", "{3E348343-5794-43BA-BD08-F75A49808F48}"
EndProject
Project("{FAE04EC0-301F-11D3-BF4B-00C04F79EFBC}") = "ModuleTest.SaasService.Application.Contracts", "services\saas\src\ModuleTest.SaasService.Application.Contracts\ModuleTest.SaasService.Application.Contracts.csproj", "{F3A9992A-DDAA-497B-9B03-744E8CC7D7D5}"
EndProject
Project("{FAE04EC0-301F-11D3-BF4B-00C04F79EFBC}") = "ModuleTest.SaasService.Domain", "services\saas\src\ModuleTest.SaasService.Domain\ModuleTest.SaasService.Domain.csproj", "{3E988FA0-6165-4140-8063-8D6CEF4FC8DD}"
EndProject
Project("{FAE04EC0-301F-11D3-BF4B-00C04F79EFBC}") = "ModuleTest.SaasService.Domain.Shared", "services\saas\src\ModuleTest.SaasService.Domain.Shared\ModuleTest.SaasService.Domain.Shared.csproj", "{E67E180A-23DA-48E2-A1F3-D5909868DD18}"
EndProject
Project("{FAE04EC0-301F-11D3-BF4B-00C04F79EFBC}") = "ModuleTest.SaasService.EntityFrameworkCore", "services\saas\src\ModuleTest.SaasService.EntityFrameworkCore\ModuleTest.SaasService.EntityFrameworkCore.csproj", "{60B389AC-8845-46B7-8EBF-DA6352F15B85}"
EndProject
Project("{FAE04EC0-301F-11D3-BF4B-00C04F79EFBC}") = "ModuleTest.SaasService.HttpApi", "services\saas\src\ModuleTest.SaasService.HttpApi\ModuleTest.SaasService.HttpApi.csproj", "{BBA47AE2-37DB-45DF-8FEF-1274ED1938FD}"
EndProject
Project("{FAE04EC0-301F-11D3-BF4B-00C04F79EFBC}") = "ModuleTest.SaasService.HttpApi.Client", "services\saas\src\ModuleTest.SaasService.HttpApi.Client\ModuleTest.SaasService.HttpApi.Client.csproj", "{E21E7696-CBB0-4510-9316-C0F4CBF038B4}"
EndProject
Project("{FAE04EC0-301F-11D3-BF4B-00C04F79EFBC}") = "ModuleTest.SaasService.Web", "services\saas\src\ModuleTest.SaasService.Web\ModuleTest.SaasService.Web.csproj", "{22B67571-0772-4127-BE86-EF54BDF3D3EA}"
EndProject
Project("{2150E333-8FDC-42A3-9474-1A3956D46DE8}") = "test", "test", "{AD86D81D-05C0-B64F-86FB-E83C7FBBD8AA}"
EndProject
Project("{FAE04EC0-301F-11D3-BF4B-00C04F79EFBC}") = "ModuleTest.SaasService.Application.Tests", "services\saas\test\ModuleTest.SaasService.Application.Tests\ModuleTest.SaasService.Application.Tests.csproj", "{5AF69246-8DDF-4B30-B092-4E6ADD7CDB0D}"
EndProject
Project("{FAE04EC0-301F-11D3-BF4B-00C04F79EFBC}") = "ModuleTest.SaasService.Domain.Tests", "services\saas\test\ModuleTest.SaasService.Domain.Tests\ModuleTest.SaasService.Domain.Tests.csproj", "{5BF202F6-7A36-41F0-9016-527ACC627B53}"
EndProject
Project("{FAE04EC0-301F-11D3-BF4B-00C04F79EFBC}") = "ModuleTest.SaasService.EntityFrameworkCore.Tests", "services\saas\test\ModuleTest.SaasService.EntityFrameworkCore.Tests\ModuleTest.SaasService.EntityFrameworkCore.Tests.csproj", "{328B82AD-ACE5-4CA2-B1F2-4BA76E23A2AD}"
EndProject
Project("{FAE04EC0-301F-11D3-BF4B-00C04F79EFBC}") = "ModuleTest.SaasService.TestBase", "services\saas\test\ModuleTest.SaasService.TestBase\ModuleTest.SaasService.TestBase.csproj", "{27FF5182-77F5-481A-9323-6994FFCB29D8}"
EndProject
Global
	GlobalSection(SolutionConfigurationPlatforms) = preSolution
		Debug|Any CPU = Debug|Any CPU
		Debug|x64 = Debug|x64
		Debug|x86 = Debug|x86
		Release|Any CPU = Release|Any CPU
		Release|x64 = Release|x64
		Release|x86 = Release|x86
	EndGlobalSection
	GlobalSection(ProjectConfigurationPlatforms) = postSolution
		{28C76D60-5196-4840-AE3B-5F853C723588}.Debug|Any CPU.ActiveCfg = Debug|Any CPU
		{28C76D60-5196-4840-AE3B-5F853C723588}.Debug|Any CPU.Build.0 = Debug|Any CPU
		{28C76D60-5196-4840-AE3B-5F853C723588}.Debug|x64.ActiveCfg = Debug|Any CPU
		{28C76D60-5196-4840-AE3B-5F853C723588}.Debug|x64.Build.0 = Debug|Any CPU
		{28C76D60-5196-4840-AE3B-5F853C723588}.Debug|x86.ActiveCfg = Debug|Any CPU
		{28C76D60-5196-4840-AE3B-5F853C723588}.Debug|x86.Build.0 = Debug|Any CPU
		{28C76D60-5196-4840-AE3B-5F853C723588}.Release|Any CPU.ActiveCfg = Release|Any CPU
		{28C76D60-5196-4840-AE3B-5F853C723588}.Release|Any CPU.Build.0 = Release|Any CPU
		{28C76D60-5196-4840-AE3B-5F853C723588}.Release|x64.ActiveCfg = Release|Any CPU
		{28C76D60-5196-4840-AE3B-5F853C723588}.Release|x64.Build.0 = Release|Any CPU
		{28C76D60-5196-4840-AE3B-5F853C723588}.Release|x86.ActiveCfg = Release|Any CPU
		{28C76D60-5196-4840-AE3B-5F853C723588}.Release|x86.Build.0 = Release|Any CPU
		{426A3223-8EB4-4A74-B1AA-2083C5AA6CCC}.Debug|Any CPU.ActiveCfg = Debug|Any CPU
		{426A3223-8EB4-4A74-B1AA-2083C5AA6CCC}.Debug|Any CPU.Build.0 = Debug|Any CPU
		{426A3223-8EB4-4A74-B1AA-2083C5AA6CCC}.Debug|x64.ActiveCfg = Debug|Any CPU
		{426A3223-8EB4-4A74-B1AA-2083C5AA6CCC}.Debug|x64.Build.0 = Debug|Any CPU
		{426A3223-8EB4-4A74-B1AA-2083C5AA6CCC}.Debug|x86.ActiveCfg = Debug|Any CPU
		{426A3223-8EB4-4A74-B1AA-2083C5AA6CCC}.Debug|x86.Build.0 = Debug|Any CPU
		{426A3223-8EB4-4A74-B1AA-2083C5AA6CCC}.Release|Any CPU.ActiveCfg = Release|Any CPU
		{426A3223-8EB4-4A74-B1AA-2083C5AA6CCC}.Release|Any CPU.Build.0 = Release|Any CPU
		{426A3223-8EB4-4A74-B1AA-2083C5AA6CCC}.Release|x64.ActiveCfg = Release|Any CPU
		{426A3223-8EB4-4A74-B1AA-2083C5AA6CCC}.Release|x64.Build.0 = Release|Any CPU
		{426A3223-8EB4-4A74-B1AA-2083C5AA6CCC}.Release|x86.ActiveCfg = Release|Any CPU
		{426A3223-8EB4-4A74-B1AA-2083C5AA6CCC}.Release|x86.Build.0 = Release|Any CPU
		{C23A207A-56FA-4610-A0BC-EA102DAA1805}.Debug|Any CPU.ActiveCfg = Debug|Any CPU
		{C23A207A-56FA-4610-A0BC-EA102DAA1805}.Debug|Any CPU.Build.0 = Debug|Any CPU
		{C23A207A-56FA-4610-A0BC-EA102DAA1805}.Debug|x64.ActiveCfg = Debug|Any CPU
		{C23A207A-56FA-4610-A0BC-EA102DAA1805}.Debug|x64.Build.0 = Debug|Any CPU
		{C23A207A-56FA-4610-A0BC-EA102DAA1805}.Debug|x86.ActiveCfg = Debug|Any CPU
		{C23A207A-56FA-4610-A0BC-EA102DAA1805}.Debug|x86.Build.0 = Debug|Any CPU
		{C23A207A-56FA-4610-A0BC-EA102DAA1805}.Release|Any CPU.ActiveCfg = Release|Any CPU
		{C23A207A-56FA-4610-A0BC-EA102DAA1805}.Release|Any CPU.Build.0 = Release|Any CPU
		{C23A207A-56FA-4610-A0BC-EA102DAA1805}.Release|x64.ActiveCfg = Release|Any CPU
		{C23A207A-56FA-4610-A0BC-EA102DAA1805}.Release|x64.Build.0 = Release|Any CPU
		{C23A207A-56FA-4610-A0BC-EA102DAA1805}.Release|x86.ActiveCfg = Release|Any CPU
		{C23A207A-56FA-4610-A0BC-EA102DAA1805}.Release|x86.Build.0 = Release|Any CPU
		{85EACDBA-1FDB-42D3-90E0-B6B6584F4B95}.Debug|Any CPU.ActiveCfg = Debug|Any CPU
		{85EACDBA-1FDB-42D3-90E0-B6B6584F4B95}.Debug|Any CPU.Build.0 = Debug|Any CPU
		{85EACDBA-1FDB-42D3-90E0-B6B6584F4B95}.Debug|x64.ActiveCfg = Debug|Any CPU
		{85EACDBA-1FDB-42D3-90E0-B6B6584F4B95}.Debug|x64.Build.0 = Debug|Any CPU
		{85EACDBA-1FDB-42D3-90E0-B6B6584F4B95}.Debug|x86.ActiveCfg = Debug|Any CPU
		{85EACDBA-1FDB-42D3-90E0-B6B6584F4B95}.Debug|x86.Build.0 = Debug|Any CPU
		{85EACDBA-1FDB-42D3-90E0-B6B6584F4B95}.Release|Any CPU.ActiveCfg = Release|Any CPU
		{85EACDBA-1FDB-42D3-90E0-B6B6584F4B95}.Release|Any CPU.Build.0 = Release|Any CPU
		{85EACDBA-1FDB-42D3-90E0-B6B6584F4B95}.Release|x64.ActiveCfg = Release|Any CPU
		{85EACDBA-1FDB-42D3-90E0-B6B6584F4B95}.Release|x64.Build.0 = Release|Any CPU
		{85EACDBA-1FDB-42D3-90E0-B6B6584F4B95}.Release|x86.ActiveCfg = Release|Any CPU
		{85EACDBA-1FDB-42D3-90E0-B6B6584F4B95}.Release|x86.Build.0 = Release|Any CPU
		{627D4977-3EC9-41B8-B9C1-8FB95F1E36FF}.Debug|Any CPU.ActiveCfg = Debug|Any CPU
		{627D4977-3EC9-41B8-B9C1-8FB95F1E36FF}.Debug|Any CPU.Build.0 = Debug|Any CPU
		{627D4977-3EC9-41B8-B9C1-8FB95F1E36FF}.Debug|x64.ActiveCfg = Debug|Any CPU
		{627D4977-3EC9-41B8-B9C1-8FB95F1E36FF}.Debug|x64.Build.0 = Debug|Any CPU
		{627D4977-3EC9-41B8-B9C1-8FB95F1E36FF}.Debug|x86.ActiveCfg = Debug|Any CPU
		{627D4977-3EC9-41B8-B9C1-8FB95F1E36FF}.Debug|x86.Build.0 = Debug|Any CPU
		{627D4977-3EC9-41B8-B9C1-8FB95F1E36FF}.Release|Any CPU.ActiveCfg = Release|Any CPU
		{627D4977-3EC9-41B8-B9C1-8FB95F1E36FF}.Release|Any CPU.Build.0 = Release|Any CPU
		{627D4977-3EC9-41B8-B9C1-8FB95F1E36FF}.Release|x64.ActiveCfg = Release|Any CPU
		{627D4977-3EC9-41B8-B9C1-8FB95F1E36FF}.Release|x64.Build.0 = Release|Any CPU
		{627D4977-3EC9-41B8-B9C1-8FB95F1E36FF}.Release|x86.ActiveCfg = Release|Any CPU
		{627D4977-3EC9-41B8-B9C1-8FB95F1E36FF}.Release|x86.Build.0 = Release|Any CPU
		{E638D90C-0D8C-47B1-955A-FF7174C7EFE6}.Debug|Any CPU.ActiveCfg = Debug|Any CPU
		{E638D90C-0D8C-47B1-955A-FF7174C7EFE6}.Debug|Any CPU.Build.0 = Debug|Any CPU
		{E638D90C-0D8C-47B1-955A-FF7174C7EFE6}.Debug|x64.ActiveCfg = Debug|Any CPU
		{E638D90C-0D8C-47B1-955A-FF7174C7EFE6}.Debug|x64.Build.0 = Debug|Any CPU
		{E638D90C-0D8C-47B1-955A-FF7174C7EFE6}.Debug|x86.ActiveCfg = Debug|Any CPU
		{E638D90C-0D8C-47B1-955A-FF7174C7EFE6}.Debug|x86.Build.0 = Debug|Any CPU
		{E638D90C-0D8C-47B1-955A-FF7174C7EFE6}.Release|Any CPU.ActiveCfg = Release|Any CPU
		{E638D90C-0D8C-47B1-955A-FF7174C7EFE6}.Release|Any CPU.Build.0 = Release|Any CPU
		{E638D90C-0D8C-47B1-955A-FF7174C7EFE6}.Release|x64.ActiveCfg = Release|Any CPU
		{E638D90C-0D8C-47B1-955A-FF7174C7EFE6}.Release|x64.Build.0 = Release|Any CPU
		{E638D90C-0D8C-47B1-955A-FF7174C7EFE6}.Release|x86.ActiveCfg = Release|Any CPU
		{E638D90C-0D8C-47B1-955A-FF7174C7EFE6}.Release|x86.Build.0 = Release|Any CPU
		{C28CDFE7-8ABA-43C6-9BEB-5619F5A44F14}.Debug|Any CPU.ActiveCfg = Debug|Any CPU
		{C28CDFE7-8ABA-43C6-9BEB-5619F5A44F14}.Debug|Any CPU.Build.0 = Debug|Any CPU
		{C28CDFE7-8ABA-43C6-9BEB-5619F5A44F14}.Debug|x64.ActiveCfg = Debug|Any CPU
		{C28CDFE7-8ABA-43C6-9BEB-5619F5A44F14}.Debug|x64.Build.0 = Debug|Any CPU
		{C28CDFE7-8ABA-43C6-9BEB-5619F5A44F14}.Debug|x86.ActiveCfg = Debug|Any CPU
		{C28CDFE7-8ABA-43C6-9BEB-5619F5A44F14}.Debug|x86.Build.0 = Debug|Any CPU
		{C28CDFE7-8ABA-43C6-9BEB-5619F5A44F14}.Release|Any CPU.ActiveCfg = Release|Any CPU
		{C28CDFE7-8ABA-43C6-9BEB-5619F5A44F14}.Release|Any CPU.Build.0 = Release|Any CPU
		{C28CDFE7-8ABA-43C6-9BEB-5619F5A44F14}.Release|x64.ActiveCfg = Release|Any CPU
		{C28CDFE7-8ABA-43C6-9BEB-5619F5A44F14}.Release|x64.Build.0 = Release|Any CPU
		{C28CDFE7-8ABA-43C6-9BEB-5619F5A44F14}.Release|x86.ActiveCfg = Release|Any CPU
		{C28CDFE7-8ABA-43C6-9BEB-5619F5A44F14}.Release|x86.Build.0 = Release|Any CPU
		{35F7DD61-060C-4960-9501-B82495AF081C}.Debug|Any CPU.ActiveCfg = Debug|Any CPU
		{35F7DD61-060C-4960-9501-B82495AF081C}.Debug|Any CPU.Build.0 = Debug|Any CPU
		{35F7DD61-060C-4960-9501-B82495AF081C}.Debug|x64.ActiveCfg = Debug|Any CPU
		{35F7DD61-060C-4960-9501-B82495AF081C}.Debug|x64.Build.0 = Debug|Any CPU
		{35F7DD61-060C-4960-9501-B82495AF081C}.Debug|x86.ActiveCfg = Debug|Any CPU
		{35F7DD61-060C-4960-9501-B82495AF081C}.Debug|x86.Build.0 = Debug|Any CPU
		{35F7DD61-060C-4960-9501-B82495AF081C}.Release|Any CPU.ActiveCfg = Release|Any CPU
		{35F7DD61-060C-4960-9501-B82495AF081C}.Release|Any CPU.Build.0 = Release|Any CPU
		{35F7DD61-060C-4960-9501-B82495AF081C}.Release|x64.ActiveCfg = Release|Any CPU
		{35F7DD61-060C-4960-9501-B82495AF081C}.Release|x64.Build.0 = Release|Any CPU
		{35F7DD61-060C-4960-9501-B82495AF081C}.Release|x86.ActiveCfg = Release|Any CPU
		{35F7DD61-060C-4960-9501-B82495AF081C}.Release|x86.Build.0 = Release|Any CPU
		{CC1CBB94-8FC6-4CC9-B82B-DF586AA7F502}.Debug|Any CPU.ActiveCfg = Debug|Any CPU
		{CC1CBB94-8FC6-4CC9-B82B-DF586AA7F502}.Debug|Any CPU.Build.0 = Debug|Any CPU
		{CC1CBB94-8FC6-4CC9-B82B-DF586AA7F502}.Debug|x64.ActiveCfg = Debug|Any CPU
		{CC1CBB94-8FC6-4CC9-B82B-DF586AA7F502}.Debug|x64.Build.0 = Debug|Any CPU
		{CC1CBB94-8FC6-4CC9-B82B-DF586AA7F502}.Debug|x86.ActiveCfg = Debug|Any CPU
		{CC1CBB94-8FC6-4CC9-B82B-DF586AA7F502}.Debug|x86.Build.0 = Debug|Any CPU
		{CC1CBB94-8FC6-4CC9-B82B-DF586AA7F502}.Release|Any CPU.ActiveCfg = Release|Any CPU
		{CC1CBB94-8FC6-4CC9-B82B-DF586AA7F502}.Release|Any CPU.Build.0 = Release|Any CPU
		{CC1CBB94-8FC6-4CC9-B82B-DF586AA7F502}.Release|x64.ActiveCfg = Release|Any CPU
		{CC1CBB94-8FC6-4CC9-B82B-DF586AA7F502}.Release|x64.Build.0 = Release|Any CPU
		{CC1CBB94-8FC6-4CC9-B82B-DF586AA7F502}.Release|x86.ActiveCfg = Release|Any CPU
		{CC1CBB94-8FC6-4CC9-B82B-DF586AA7F502}.Release|x86.Build.0 = Release|Any CPU
		{7950CAD9-12D5-4156-9C15-65E185C41AD5}.Debug|Any CPU.ActiveCfg = Debug|Any CPU
		{7950CAD9-12D5-4156-9C15-65E185C41AD5}.Debug|Any CPU.Build.0 = Debug|Any CPU
		{7950CAD9-12D5-4156-9C15-65E185C41AD5}.Debug|x64.ActiveCfg = Debug|Any CPU
		{7950CAD9-12D5-4156-9C15-65E185C41AD5}.Debug|x64.Build.0 = Debug|Any CPU
		{7950CAD9-12D5-4156-9C15-65E185C41AD5}.Debug|x86.ActiveCfg = Debug|Any CPU
		{7950CAD9-12D5-4156-9C15-65E185C41AD5}.Debug|x86.Build.0 = Debug|Any CPU
		{7950CAD9-12D5-4156-9C15-65E185C41AD5}.Release|Any CPU.ActiveCfg = Release|Any CPU
		{7950CAD9-12D5-4156-9C15-65E185C41AD5}.Release|Any CPU.Build.0 = Release|Any CPU
		{7950CAD9-12D5-4156-9C15-65E185C41AD5}.Release|x64.ActiveCfg = Release|Any CPU
		{7950CAD9-12D5-4156-9C15-65E185C41AD5}.Release|x64.Build.0 = Release|Any CPU
		{7950CAD9-12D5-4156-9C15-65E185C41AD5}.Release|x86.ActiveCfg = Release|Any CPU
		{7950CAD9-12D5-4156-9C15-65E185C41AD5}.Release|x86.Build.0 = Release|Any CPU
		{6DEBDC47-B9A2-4286-AB99-943BE010FF1A}.Debug|Any CPU.ActiveCfg = Debug|Any CPU
		{6DEBDC47-B9A2-4286-AB99-943BE010FF1A}.Debug|Any CPU.Build.0 = Debug|Any CPU
		{6DEBDC47-B9A2-4286-AB99-943BE010FF1A}.Debug|x64.ActiveCfg = Debug|Any CPU
		{6DEBDC47-B9A2-4286-AB99-943BE010FF1A}.Debug|x64.Build.0 = Debug|Any CPU
		{6DEBDC47-B9A2-4286-AB99-943BE010FF1A}.Debug|x86.ActiveCfg = Debug|Any CPU
		{6DEBDC47-B9A2-4286-AB99-943BE010FF1A}.Debug|x86.Build.0 = Debug|Any CPU
		{6DEBDC47-B9A2-4286-AB99-943BE010FF1A}.Release|Any CPU.ActiveCfg = Release|Any CPU
		{6DEBDC47-B9A2-4286-AB99-943BE010FF1A}.Release|Any CPU.Build.0 = Release|Any CPU
		{6DEBDC47-B9A2-4286-AB99-943BE010FF1A}.Release|x64.ActiveCfg = Release|Any CPU
		{6DEBDC47-B9A2-4286-AB99-943BE010FF1A}.Release|x64.Build.0 = Release|Any CPU
		{6DEBDC47-B9A2-4286-AB99-943BE010FF1A}.Release|x86.ActiveCfg = Release|Any CPU
		{6DEBDC47-B9A2-4286-AB99-943BE010FF1A}.Release|x86.Build.0 = Release|Any CPU
		{31766361-B99B-4A26-BAB3-70958BD5CCCA}.Debug|Any CPU.ActiveCfg = Debug|Any CPU
		{31766361-B99B-4A26-BAB3-70958BD5CCCA}.Debug|Any CPU.Build.0 = Debug|Any CPU
		{31766361-B99B-4A26-BAB3-70958BD5CCCA}.Debug|x64.ActiveCfg = Debug|Any CPU
		{31766361-B99B-4A26-BAB3-70958BD5CCCA}.Debug|x64.Build.0 = Debug|Any CPU
		{31766361-B99B-4A26-BAB3-70958BD5CCCA}.Debug|x86.ActiveCfg = Debug|Any CPU
		{31766361-B99B-4A26-BAB3-70958BD5CCCA}.Debug|x86.Build.0 = Debug|Any CPU
		{31766361-B99B-4A26-BAB3-70958BD5CCCA}.Release|Any CPU.ActiveCfg = Release|Any CPU
		{31766361-B99B-4A26-BAB3-70958BD5CCCA}.Release|Any CPU.Build.0 = Release|Any CPU
		{31766361-B99B-4A26-BAB3-70958BD5CCCA}.Release|x64.ActiveCfg = Release|Any CPU
		{31766361-B99B-4A26-BAB3-70958BD5CCCA}.Release|x64.Build.0 = Release|Any CPU
		{31766361-B99B-4A26-BAB3-70958BD5CCCA}.Release|x86.ActiveCfg = Release|Any CPU
		{31766361-B99B-4A26-BAB3-70958BD5CCCA}.Release|x86.Build.0 = Release|Any CPU
		{155290BF-E0C9-45BC-AF12-F1213971A77A}.Debug|Any CPU.ActiveCfg = Debug|Any CPU
		{155290BF-E0C9-45BC-AF12-F1213971A77A}.Debug|Any CPU.Build.0 = Debug|Any CPU
		{155290BF-E0C9-45BC-AF12-F1213971A77A}.Debug|x64.ActiveCfg = Debug|Any CPU
		{155290BF-E0C9-45BC-AF12-F1213971A77A}.Debug|x64.Build.0 = Debug|Any CPU
		{155290BF-E0C9-45BC-AF12-F1213971A77A}.Debug|x86.ActiveCfg = Debug|Any CPU
		{155290BF-E0C9-45BC-AF12-F1213971A77A}.Debug|x86.Build.0 = Debug|Any CPU
		{155290BF-E0C9-45BC-AF12-F1213971A77A}.Release|Any CPU.ActiveCfg = Release|Any CPU
		{155290BF-E0C9-45BC-AF12-F1213971A77A}.Release|Any CPU.Build.0 = Release|Any CPU
		{155290BF-E0C9-45BC-AF12-F1213971A77A}.Release|x64.ActiveCfg = Release|Any CPU
		{155290BF-E0C9-45BC-AF12-F1213971A77A}.Release|x64.Build.0 = Release|Any CPU
		{155290BF-E0C9-45BC-AF12-F1213971A77A}.Release|x86.ActiveCfg = Release|Any CPU
		{155290BF-E0C9-45BC-AF12-F1213971A77A}.Release|x86.Build.0 = Release|Any CPU
		{13B1635C-6105-46A6-AF99-2E3E16E38F49}.Debug|Any CPU.ActiveCfg = Debug|Any CPU
		{13B1635C-6105-46A6-AF99-2E3E16E38F49}.Debug|Any CPU.Build.0 = Debug|Any CPU
		{13B1635C-6105-46A6-AF99-2E3E16E38F49}.Debug|x64.ActiveCfg = Debug|Any CPU
		{13B1635C-6105-46A6-AF99-2E3E16E38F49}.Debug|x64.Build.0 = Debug|Any CPU
		{13B1635C-6105-46A6-AF99-2E3E16E38F49}.Debug|x86.ActiveCfg = Debug|Any CPU
		{13B1635C-6105-46A6-AF99-2E3E16E38F49}.Debug|x86.Build.0 = Debug|Any CPU
		{13B1635C-6105-46A6-AF99-2E3E16E38F49}.Release|Any CPU.ActiveCfg = Release|Any CPU
		{13B1635C-6105-46A6-AF99-2E3E16E38F49}.Release|Any CPU.Build.0 = Release|Any CPU
		{13B1635C-6105-46A6-AF99-2E3E16E38F49}.Release|x64.ActiveCfg = Release|Any CPU
		{13B1635C-6105-46A6-AF99-2E3E16E38F49}.Release|x64.Build.0 = Release|Any CPU
		{13B1635C-6105-46A6-AF99-2E3E16E38F49}.Release|x86.ActiveCfg = Release|Any CPU
		{13B1635C-6105-46A6-AF99-2E3E16E38F49}.Release|x86.Build.0 = Release|Any CPU
		{1FB25DFB-1965-483A-8A9B-5EC1C29B3CC9}.Debug|Any CPU.ActiveCfg = Debug|Any CPU
		{1FB25DFB-1965-483A-8A9B-5EC1C29B3CC9}.Debug|Any CPU.Build.0 = Debug|Any CPU
		{1FB25DFB-1965-483A-8A9B-5EC1C29B3CC9}.Debug|x64.ActiveCfg = Debug|Any CPU
		{1FB25DFB-1965-483A-8A9B-5EC1C29B3CC9}.Debug|x64.Build.0 = Debug|Any CPU
		{1FB25DFB-1965-483A-8A9B-5EC1C29B3CC9}.Debug|x86.ActiveCfg = Debug|Any CPU
		{1FB25DFB-1965-483A-8A9B-5EC1C29B3CC9}.Debug|x86.Build.0 = Debug|Any CPU
		{1FB25DFB-1965-483A-8A9B-5EC1C29B3CC9}.Release|Any CPU.ActiveCfg = Release|Any CPU
		{1FB25DFB-1965-483A-8A9B-5EC1C29B3CC9}.Release|Any CPU.Build.0 = Release|Any CPU
		{1FB25DFB-1965-483A-8A9B-5EC1C29B3CC9}.Release|x64.ActiveCfg = Release|Any CPU
		{1FB25DFB-1965-483A-8A9B-5EC1C29B3CC9}.Release|x64.Build.0 = Release|Any CPU
		{1FB25DFB-1965-483A-8A9B-5EC1C29B3CC9}.Release|x86.ActiveCfg = Release|Any CPU
		{1FB25DFB-1965-483A-8A9B-5EC1C29B3CC9}.Release|x86.Build.0 = Release|Any CPU
		{65A4D1F7-66E8-497A-AE73-D653900714A0}.Debug|Any CPU.ActiveCfg = Debug|Any CPU
		{65A4D1F7-66E8-497A-AE73-D653900714A0}.Debug|Any CPU.Build.0 = Debug|Any CPU
		{65A4D1F7-66E8-497A-AE73-D653900714A0}.Debug|x64.ActiveCfg = Debug|Any CPU
		{65A4D1F7-66E8-497A-AE73-D653900714A0}.Debug|x64.Build.0 = Debug|Any CPU
		{65A4D1F7-66E8-497A-AE73-D653900714A0}.Debug|x86.ActiveCfg = Debug|Any CPU
		{65A4D1F7-66E8-497A-AE73-D653900714A0}.Debug|x86.Build.0 = Debug|Any CPU
		{65A4D1F7-66E8-497A-AE73-D653900714A0}.Release|Any CPU.ActiveCfg = Release|Any CPU
		{65A4D1F7-66E8-497A-AE73-D653900714A0}.Release|Any CPU.Build.0 = Release|Any CPU
		{65A4D1F7-66E8-497A-AE73-D653900714A0}.Release|x64.ActiveCfg = Release|Any CPU
		{65A4D1F7-66E8-497A-AE73-D653900714A0}.Release|x64.Build.0 = Release|Any CPU
		{65A4D1F7-66E8-497A-AE73-D653900714A0}.Release|x86.ActiveCfg = Release|Any CPU
		{65A4D1F7-66E8-497A-AE73-D653900714A0}.Release|x86.Build.0 = Release|Any CPU
		{F6268BA3-DF30-4C37-AA8C-6AB2F95B5792}.Debug|Any CPU.ActiveCfg = Debug|Any CPU
		{F6268BA3-DF30-4C37-AA8C-6AB2F95B5792}.Debug|Any CPU.Build.0 = Debug|Any CPU
		{F6268BA3-DF30-4C37-AA8C-6AB2F95B5792}.Debug|x64.ActiveCfg = Debug|Any CPU
		{F6268BA3-DF30-4C37-AA8C-6AB2F95B5792}.Debug|x64.Build.0 = Debug|Any CPU
		{F6268BA3-DF30-4C37-AA8C-6AB2F95B5792}.Debug|x86.ActiveCfg = Debug|Any CPU
		{F6268BA3-DF30-4C37-AA8C-6AB2F95B5792}.Debug|x86.Build.0 = Debug|Any CPU
		{F6268BA3-DF30-4C37-AA8C-6AB2F95B5792}.Release|Any CPU.ActiveCfg = Release|Any CPU
		{F6268BA3-DF30-4C37-AA8C-6AB2F95B5792}.Release|Any CPU.Build.0 = Release|Any CPU
		{F6268BA3-DF30-4C37-AA8C-6AB2F95B5792}.Release|x64.ActiveCfg = Release|Any CPU
		{F6268BA3-DF30-4C37-AA8C-6AB2F95B5792}.Release|x64.Build.0 = Release|Any CPU
		{F6268BA3-DF30-4C37-AA8C-6AB2F95B5792}.Release|x86.ActiveCfg = Release|Any CPU
		{F6268BA3-DF30-4C37-AA8C-6AB2F95B5792}.Release|x86.Build.0 = Release|Any CPU
		{2F4E81D9-20CF-408B-88C0-7365C5C05897}.Debug|Any CPU.ActiveCfg = Debug|Any CPU
		{2F4E81D9-20CF-408B-88C0-7365C5C05897}.Debug|Any CPU.Build.0 = Debug|Any CPU
		{2F4E81D9-20CF-408B-88C0-7365C5C05897}.Debug|x64.ActiveCfg = Debug|Any CPU
		{2F4E81D9-20CF-408B-88C0-7365C5C05897}.Debug|x64.Build.0 = Debug|Any CPU
		{2F4E81D9-20CF-408B-88C0-7365C5C05897}.Debug|x86.ActiveCfg = Debug|Any CPU
		{2F4E81D9-20CF-408B-88C0-7365C5C05897}.Debug|x86.Build.0 = Debug|Any CPU
		{2F4E81D9-20CF-408B-88C0-7365C5C05897}.Release|Any CPU.ActiveCfg = Release|Any CPU
		{2F4E81D9-20CF-408B-88C0-7365C5C05897}.Release|Any CPU.Build.0 = Release|Any CPU
		{2F4E81D9-20CF-408B-88C0-7365C5C05897}.Release|x64.ActiveCfg = Release|Any CPU
		{2F4E81D9-20CF-408B-88C0-7365C5C05897}.Release|x64.Build.0 = Release|Any CPU
		{2F4E81D9-20CF-408B-88C0-7365C5C05897}.Release|x86.ActiveCfg = Release|Any CPU
		{2F4E81D9-20CF-408B-88C0-7365C5C05897}.Release|x86.Build.0 = Release|Any CPU
		{34504A14-594E-4788-9CC9-E7FAAC3D5531}.Debug|Any CPU.ActiveCfg = Debug|Any CPU
		{34504A14-594E-4788-9CC9-E7FAAC3D5531}.Debug|Any CPU.Build.0 = Debug|Any CPU
		{34504A14-594E-4788-9CC9-E7FAAC3D5531}.Debug|x64.ActiveCfg = Debug|Any CPU
		{34504A14-594E-4788-9CC9-E7FAAC3D5531}.Debug|x64.Build.0 = Debug|Any CPU
		{34504A14-594E-4788-9CC9-E7FAAC3D5531}.Debug|x86.ActiveCfg = Debug|Any CPU
		{34504A14-594E-4788-9CC9-E7FAAC3D5531}.Debug|x86.Build.0 = Debug|Any CPU
		{34504A14-594E-4788-9CC9-E7FAAC3D5531}.Release|Any CPU.ActiveCfg = Release|Any CPU
		{34504A14-594E-4788-9CC9-E7FAAC3D5531}.Release|Any CPU.Build.0 = Release|Any CPU
		{34504A14-594E-4788-9CC9-E7FAAC3D5531}.Release|x64.ActiveCfg = Release|Any CPU
		{34504A14-594E-4788-9CC9-E7FAAC3D5531}.Release|x64.Build.0 = Release|Any CPU
		{34504A14-594E-4788-9CC9-E7FAAC3D5531}.Release|x86.ActiveCfg = Release|Any CPU
		{34504A14-594E-4788-9CC9-E7FAAC3D5531}.Release|x86.Build.0 = Release|Any CPU
		{6186DCC8-A166-4FF9-813F-68688310A59A}.Debug|Any CPU.ActiveCfg = Debug|Any CPU
		{6186DCC8-A166-4FF9-813F-68688310A59A}.Debug|Any CPU.Build.0 = Debug|Any CPU
		{6186DCC8-A166-4FF9-813F-68688310A59A}.Debug|x64.ActiveCfg = Debug|Any CPU
		{6186DCC8-A166-4FF9-813F-68688310A59A}.Debug|x64.Build.0 = Debug|Any CPU
		{6186DCC8-A166-4FF9-813F-68688310A59A}.Debug|x86.ActiveCfg = Debug|Any CPU
		{6186DCC8-A166-4FF9-813F-68688310A59A}.Debug|x86.Build.0 = Debug|Any CPU
		{6186DCC8-A166-4FF9-813F-68688310A59A}.Release|Any CPU.ActiveCfg = Release|Any CPU
		{6186DCC8-A166-4FF9-813F-68688310A59A}.Release|Any CPU.Build.0 = Release|Any CPU
		{6186DCC8-A166-4FF9-813F-68688310A59A}.Release|x64.ActiveCfg = Release|Any CPU
		{6186DCC8-A166-4FF9-813F-68688310A59A}.Release|x64.Build.0 = Release|Any CPU
		{6186DCC8-A166-4FF9-813F-68688310A59A}.Release|x86.ActiveCfg = Release|Any CPU
		{6186DCC8-A166-4FF9-813F-68688310A59A}.Release|x86.Build.0 = Release|Any CPU
		{1A80BB97-2982-4691-9B47-316618DFBB0D}.Debug|Any CPU.ActiveCfg = Debug|Any CPU
		{1A80BB97-2982-4691-9B47-316618DFBB0D}.Debug|Any CPU.Build.0 = Debug|Any CPU
		{1A80BB97-2982-4691-9B47-316618DFBB0D}.Debug|x64.ActiveCfg = Debug|Any CPU
		{1A80BB97-2982-4691-9B47-316618DFBB0D}.Debug|x64.Build.0 = Debug|Any CPU
		{1A80BB97-2982-4691-9B47-316618DFBB0D}.Debug|x86.ActiveCfg = Debug|Any CPU
		{1A80BB97-2982-4691-9B47-316618DFBB0D}.Debug|x86.Build.0 = Debug|Any CPU
		{1A80BB97-2982-4691-9B47-316618DFBB0D}.Release|Any CPU.ActiveCfg = Release|Any CPU
		{1A80BB97-2982-4691-9B47-316618DFBB0D}.Release|Any CPU.Build.0 = Release|Any CPU
		{1A80BB97-2982-4691-9B47-316618DFBB0D}.Release|x64.ActiveCfg = Release|Any CPU
		{1A80BB97-2982-4691-9B47-316618DFBB0D}.Release|x64.Build.0 = Release|Any CPU
		{1A80BB97-2982-4691-9B47-316618DFBB0D}.Release|x86.ActiveCfg = Release|Any CPU
		{1A80BB97-2982-4691-9B47-316618DFBB0D}.Release|x86.Build.0 = Release|Any CPU
		{86D66E2B-4418-4D47-9AD3-2746DD38FC97}.Debug|Any CPU.ActiveCfg = Debug|Any CPU
		{86D66E2B-4418-4D47-9AD3-2746DD38FC97}.Debug|Any CPU.Build.0 = Debug|Any CPU
		{86D66E2B-4418-4D47-9AD3-2746DD38FC97}.Debug|x64.ActiveCfg = Debug|Any CPU
		{86D66E2B-4418-4D47-9AD3-2746DD38FC97}.Debug|x64.Build.0 = Debug|Any CPU
		{86D66E2B-4418-4D47-9AD3-2746DD38FC97}.Debug|x86.ActiveCfg = Debug|Any CPU
		{86D66E2B-4418-4D47-9AD3-2746DD38FC97}.Debug|x86.Build.0 = Debug|Any CPU
		{86D66E2B-4418-4D47-9AD3-2746DD38FC97}.Release|Any CPU.ActiveCfg = Release|Any CPU
		{86D66E2B-4418-4D47-9AD3-2746DD38FC97}.Release|Any CPU.Build.0 = Release|Any CPU
		{86D66E2B-4418-4D47-9AD3-2746DD38FC97}.Release|x64.ActiveCfg = Release|Any CPU
		{86D66E2B-4418-4D47-9AD3-2746DD38FC97}.Release|x64.Build.0 = Release|Any CPU
		{86D66E2B-4418-4D47-9AD3-2746DD38FC97}.Release|x86.ActiveCfg = Release|Any CPU
		{86D66E2B-4418-4D47-9AD3-2746DD38FC97}.Release|x86.Build.0 = Release|Any CPU
		{0C60D4AA-A5C2-4279-A9A8-F9A8B81BB17B}.Debug|Any CPU.ActiveCfg = Debug|Any CPU
		{0C60D4AA-A5C2-4279-A9A8-F9A8B81BB17B}.Debug|Any CPU.Build.0 = Debug|Any CPU
		{0C60D4AA-A5C2-4279-A9A8-F9A8B81BB17B}.Debug|x64.ActiveCfg = Debug|Any CPU
		{0C60D4AA-A5C2-4279-A9A8-F9A8B81BB17B}.Debug|x64.Build.0 = Debug|Any CPU
		{0C60D4AA-A5C2-4279-A9A8-F9A8B81BB17B}.Debug|x86.ActiveCfg = Debug|Any CPU
		{0C60D4AA-A5C2-4279-A9A8-F9A8B81BB17B}.Debug|x86.Build.0 = Debug|Any CPU
		{0C60D4AA-A5C2-4279-A9A8-F9A8B81BB17B}.Release|Any CPU.ActiveCfg = Release|Any CPU
		{0C60D4AA-A5C2-4279-A9A8-F9A8B81BB17B}.Release|Any CPU.Build.0 = Release|Any CPU
		{0C60D4AA-A5C2-4279-A9A8-F9A8B81BB17B}.Release|x64.ActiveCfg = Release|Any CPU
		{0C60D4AA-A5C2-4279-A9A8-F9A8B81BB17B}.Release|x64.Build.0 = Release|Any CPU
		{0C60D4AA-A5C2-4279-A9A8-F9A8B81BB17B}.Release|x86.ActiveCfg = Release|Any CPU
		{0C60D4AA-A5C2-4279-A9A8-F9A8B81BB17B}.Release|x86.Build.0 = Release|Any CPU
		{4D5033D7-F5A4-4D7B-BE41-BC050559A8C6}.Debug|Any CPU.ActiveCfg = Debug|Any CPU
		{4D5033D7-F5A4-4D7B-BE41-BC050559A8C6}.Debug|Any CPU.Build.0 = Debug|Any CPU
		{4D5033D7-F5A4-4D7B-BE41-BC050559A8C6}.Debug|x64.ActiveCfg = Debug|Any CPU
		{4D5033D7-F5A4-4D7B-BE41-BC050559A8C6}.Debug|x64.Build.0 = Debug|Any CPU
		{4D5033D7-F5A4-4D7B-BE41-BC050559A8C6}.Debug|x86.ActiveCfg = Debug|Any CPU
		{4D5033D7-F5A4-4D7B-BE41-BC050559A8C6}.Debug|x86.Build.0 = Debug|Any CPU
		{4D5033D7-F5A4-4D7B-BE41-BC050559A8C6}.Release|Any CPU.ActiveCfg = Release|Any CPU
		{4D5033D7-F5A4-4D7B-BE41-BC050559A8C6}.Release|Any CPU.Build.0 = Release|Any CPU
		{4D5033D7-F5A4-4D7B-BE41-BC050559A8C6}.Release|x64.ActiveCfg = Release|Any CPU
		{4D5033D7-F5A4-4D7B-BE41-BC050559A8C6}.Release|x64.Build.0 = Release|Any CPU
		{4D5033D7-F5A4-4D7B-BE41-BC050559A8C6}.Release|x86.ActiveCfg = Release|Any CPU
		{4D5033D7-F5A4-4D7B-BE41-BC050559A8C6}.Release|x86.Build.0 = Release|Any CPU
		{3260C815-F867-45D1-B225-E2559DE52413}.Debug|Any CPU.ActiveCfg = Debug|Any CPU
		{3260C815-F867-45D1-B225-E2559DE52413}.Debug|Any CPU.Build.0 = Debug|Any CPU
		{3260C815-F867-45D1-B225-E2559DE52413}.Debug|x64.ActiveCfg = Debug|Any CPU
		{3260C815-F867-45D1-B225-E2559DE52413}.Debug|x64.Build.0 = Debug|Any CPU
		{3260C815-F867-45D1-B225-E2559DE52413}.Debug|x86.ActiveCfg = Debug|Any CPU
		{3260C815-F867-45D1-B225-E2559DE52413}.Debug|x86.Build.0 = Debug|Any CPU
		{3260C815-F867-45D1-B225-E2559DE52413}.Release|Any CPU.ActiveCfg = Release|Any CPU
		{3260C815-F867-45D1-B225-E2559DE52413}.Release|Any CPU.Build.0 = Release|Any CPU
		{3260C815-F867-45D1-B225-E2559DE52413}.Release|x64.ActiveCfg = Release|Any CPU
		{3260C815-F867-45D1-B225-E2559DE52413}.Release|x64.Build.0 = Release|Any CPU
		{3260C815-F867-45D1-B225-E2559DE52413}.Release|x86.ActiveCfg = Release|Any CPU
		{3260C815-F867-45D1-B225-E2559DE52413}.Release|x86.Build.0 = Release|Any CPU
		{803B3377-8465-40FB-98B5-33F818EFE854}.Debug|Any CPU.ActiveCfg = Debug|Any CPU
		{803B3377-8465-40FB-98B5-33F818EFE854}.Debug|Any CPU.Build.0 = Debug|Any CPU
		{803B3377-8465-40FB-98B5-33F818EFE854}.Debug|x64.ActiveCfg = Debug|Any CPU
		{803B3377-8465-40FB-98B5-33F818EFE854}.Debug|x64.Build.0 = Debug|Any CPU
		{803B3377-8465-40FB-98B5-33F818EFE854}.Debug|x86.ActiveCfg = Debug|Any CPU
		{803B3377-8465-40FB-98B5-33F818EFE854}.Debug|x86.Build.0 = Debug|Any CPU
		{803B3377-8465-40FB-98B5-33F818EFE854}.Release|Any CPU.ActiveCfg = Release|Any CPU
		{803B3377-8465-40FB-98B5-33F818EFE854}.Release|Any CPU.Build.0 = Release|Any CPU
		{803B3377-8465-40FB-98B5-33F818EFE854}.Release|x64.ActiveCfg = Release|Any CPU
		{803B3377-8465-40FB-98B5-33F818EFE854}.Release|x64.Build.0 = Release|Any CPU
		{803B3377-8465-40FB-98B5-33F818EFE854}.Release|x86.ActiveCfg = Release|Any CPU
		{803B3377-8465-40FB-98B5-33F818EFE854}.Release|x86.Build.0 = Release|Any CPU
		{7550FE2D-33F2-4CAF-B233-98399BA7C0A0}.Debug|Any CPU.ActiveCfg = Debug|Any CPU
		{7550FE2D-33F2-4CAF-B233-98399BA7C0A0}.Debug|Any CPU.Build.0 = Debug|Any CPU
		{7550FE2D-33F2-4CAF-B233-98399BA7C0A0}.Debug|x64.ActiveCfg = Debug|Any CPU
		{7550FE2D-33F2-4CAF-B233-98399BA7C0A0}.Debug|x64.Build.0 = Debug|Any CPU
		{7550FE2D-33F2-4CAF-B233-98399BA7C0A0}.Debug|x86.ActiveCfg = Debug|Any CPU
		{7550FE2D-33F2-4CAF-B233-98399BA7C0A0}.Debug|x86.Build.0 = Debug|Any CPU
		{7550FE2D-33F2-4CAF-B233-98399BA7C0A0}.Release|Any CPU.ActiveCfg = Release|Any CPU
		{7550FE2D-33F2-4CAF-B233-98399BA7C0A0}.Release|Any CPU.Build.0 = Release|Any CPU
		{7550FE2D-33F2-4CAF-B233-98399BA7C0A0}.Release|x64.ActiveCfg = Release|Any CPU
		{7550FE2D-33F2-4CAF-B233-98399BA7C0A0}.Release|x64.Build.0 = Release|Any CPU
		{7550FE2D-33F2-4CAF-B233-98399BA7C0A0}.Release|x86.ActiveCfg = Release|Any CPU
		{7550FE2D-33F2-4CAF-B233-98399BA7C0A0}.Release|x86.Build.0 = Release|Any CPU
		{6C389C3E-DC1E-4CC5-AFC1-7BF49E759BAA}.Debug|Any CPU.ActiveCfg = Debug|Any CPU
		{6C389C3E-DC1E-4CC5-AFC1-7BF49E759BAA}.Debug|Any CPU.Build.0 = Debug|Any CPU
		{6C389C3E-DC1E-4CC5-AFC1-7BF49E759BAA}.Debug|x64.ActiveCfg = Debug|Any CPU
		{6C389C3E-DC1E-4CC5-AFC1-7BF49E759BAA}.Debug|x64.Build.0 = Debug|Any CPU
		{6C389C3E-DC1E-4CC5-AFC1-7BF49E759BAA}.Debug|x86.ActiveCfg = Debug|Any CPU
		{6C389C3E-DC1E-4CC5-AFC1-7BF49E759BAA}.Debug|x86.Build.0 = Debug|Any CPU
		{6C389C3E-DC1E-4CC5-AFC1-7BF49E759BAA}.Release|Any CPU.ActiveCfg = Release|Any CPU
		{6C389C3E-DC1E-4CC5-AFC1-7BF49E759BAA}.Release|Any CPU.Build.0 = Release|Any CPU
		{6C389C3E-DC1E-4CC5-AFC1-7BF49E759BAA}.Release|x64.ActiveCfg = Release|Any CPU
		{6C389C3E-DC1E-4CC5-AFC1-7BF49E759BAA}.Release|x64.Build.0 = Release|Any CPU
		{6C389C3E-DC1E-4CC5-AFC1-7BF49E759BAA}.Release|x86.ActiveCfg = Release|Any CPU
		{6C389C3E-DC1E-4CC5-AFC1-7BF49E759BAA}.Release|x86.Build.0 = Release|Any CPU
		{5CBB4996-F326-48C8-B9D1-4BEB9795516E}.Debug|Any CPU.ActiveCfg = Debug|Any CPU
		{5CBB4996-F326-48C8-B9D1-4BEB9795516E}.Debug|Any CPU.Build.0 = Debug|Any CPU
		{5CBB4996-F326-48C8-B9D1-4BEB9795516E}.Debug|x64.ActiveCfg = Debug|Any CPU
		{5CBB4996-F326-48C8-B9D1-4BEB9795516E}.Debug|x64.Build.0 = Debug|Any CPU
		{5CBB4996-F326-48C8-B9D1-4BEB9795516E}.Debug|x86.ActiveCfg = Debug|Any CPU
		{5CBB4996-F326-48C8-B9D1-4BEB9795516E}.Debug|x86.Build.0 = Debug|Any CPU
		{5CBB4996-F326-48C8-B9D1-4BEB9795516E}.Release|Any CPU.ActiveCfg = Release|Any CPU
		{5CBB4996-F326-48C8-B9D1-4BEB9795516E}.Release|Any CPU.Build.0 = Release|Any CPU
		{5CBB4996-F326-48C8-B9D1-4BEB9795516E}.Release|x64.ActiveCfg = Release|Any CPU
		{5CBB4996-F326-48C8-B9D1-4BEB9795516E}.Release|x64.Build.0 = Release|Any CPU
		{5CBB4996-F326-48C8-B9D1-4BEB9795516E}.Release|x86.ActiveCfg = Release|Any CPU
		{5CBB4996-F326-48C8-B9D1-4BEB9795516E}.Release|x86.Build.0 = Release|Any CPU
		{6D791E46-AB1F-43B6-A238-6958F37C2D6D}.Debug|Any CPU.ActiveCfg = Debug|Any CPU
		{6D791E46-AB1F-43B6-A238-6958F37C2D6D}.Debug|Any CPU.Build.0 = Debug|Any CPU
		{6D791E46-AB1F-43B6-A238-6958F37C2D6D}.Debug|x64.ActiveCfg = Debug|Any CPU
		{6D791E46-AB1F-43B6-A238-6958F37C2D6D}.Debug|x64.Build.0 = Debug|Any CPU
		{6D791E46-AB1F-43B6-A238-6958F37C2D6D}.Debug|x86.ActiveCfg = Debug|Any CPU
		{6D791E46-AB1F-43B6-A238-6958F37C2D6D}.Debug|x86.Build.0 = Debug|Any CPU
		{6D791E46-AB1F-43B6-A238-6958F37C2D6D}.Release|Any CPU.ActiveCfg = Release|Any CPU
		{6D791E46-AB1F-43B6-A238-6958F37C2D6D}.Release|Any CPU.Build.0 = Release|Any CPU
		{6D791E46-AB1F-43B6-A238-6958F37C2D6D}.Release|x64.ActiveCfg = Release|Any CPU
		{6D791E46-AB1F-43B6-A238-6958F37C2D6D}.Release|x64.Build.0 = Release|Any CPU
		{6D791E46-AB1F-43B6-A238-6958F37C2D6D}.Release|x86.ActiveCfg = Release|Any CPU
		{6D791E46-AB1F-43B6-A238-6958F37C2D6D}.Release|x86.Build.0 = Release|Any CPU
		{23760433-9B48-488C-BA2A-F4717D9E3CB0}.Debug|Any CPU.ActiveCfg = Debug|Any CPU
		{23760433-9B48-488C-BA2A-F4717D9E3CB0}.Debug|Any CPU.Build.0 = Debug|Any CPU
		{23760433-9B48-488C-BA2A-F4717D9E3CB0}.Debug|x64.ActiveCfg = Debug|Any CPU
		{23760433-9B48-488C-BA2A-F4717D9E3CB0}.Debug|x64.Build.0 = Debug|Any CPU
		{23760433-9B48-488C-BA2A-F4717D9E3CB0}.Debug|x86.ActiveCfg = Debug|Any CPU
		{23760433-9B48-488C-BA2A-F4717D9E3CB0}.Debug|x86.Build.0 = Debug|Any CPU
		{23760433-9B48-488C-BA2A-F4717D9E3CB0}.Release|Any CPU.ActiveCfg = Release|Any CPU
		{23760433-9B48-488C-BA2A-F4717D9E3CB0}.Release|Any CPU.Build.0 = Release|Any CPU
		{23760433-9B48-488C-BA2A-F4717D9E3CB0}.Release|x64.ActiveCfg = Release|Any CPU
		{23760433-9B48-488C-BA2A-F4717D9E3CB0}.Release|x64.Build.0 = Release|Any CPU
		{23760433-9B48-488C-BA2A-F4717D9E3CB0}.Release|x86.ActiveCfg = Release|Any CPU
		{23760433-9B48-488C-BA2A-F4717D9E3CB0}.Release|x86.Build.0 = Release|Any CPU
		{0DD5BA00-8574-41B8-8B26-80B73897F3FF}.Debug|Any CPU.ActiveCfg = Debug|Any CPU
		{0DD5BA00-8574-41B8-8B26-80B73897F3FF}.Debug|Any CPU.Build.0 = Debug|Any CPU
		{0DD5BA00-8574-41B8-8B26-80B73897F3FF}.Debug|x64.ActiveCfg = Debug|Any CPU
		{0DD5BA00-8574-41B8-8B26-80B73897F3FF}.Debug|x64.Build.0 = Debug|Any CPU
		{0DD5BA00-8574-41B8-8B26-80B73897F3FF}.Debug|x86.ActiveCfg = Debug|Any CPU
		{0DD5BA00-8574-41B8-8B26-80B73897F3FF}.Debug|x86.Build.0 = Debug|Any CPU
		{0DD5BA00-8574-41B8-8B26-80B73897F3FF}.Release|Any CPU.ActiveCfg = Release|Any CPU
		{0DD5BA00-8574-41B8-8B26-80B73897F3FF}.Release|Any CPU.Build.0 = Release|Any CPU
		{0DD5BA00-8574-41B8-8B26-80B73897F3FF}.Release|x64.ActiveCfg = Release|Any CPU
		{0DD5BA00-8574-41B8-8B26-80B73897F3FF}.Release|x64.Build.0 = Release|Any CPU
		{0DD5BA00-8574-41B8-8B26-80B73897F3FF}.Release|x86.ActiveCfg = Release|Any CPU
		{0DD5BA00-8574-41B8-8B26-80B73897F3FF}.Release|x86.Build.0 = Release|Any CPU
		{37F2434E-4D95-421A-9F60-ACBC03614BC9}.Debug|Any CPU.ActiveCfg = Debug|Any CPU
		{37F2434E-4D95-421A-9F60-ACBC03614BC9}.Debug|Any CPU.Build.0 = Debug|Any CPU
		{37F2434E-4D95-421A-9F60-ACBC03614BC9}.Debug|x64.ActiveCfg = Debug|Any CPU
		{37F2434E-4D95-421A-9F60-ACBC03614BC9}.Debug|x64.Build.0 = Debug|Any CPU
		{37F2434E-4D95-421A-9F60-ACBC03614BC9}.Debug|x86.ActiveCfg = Debug|Any CPU
		{37F2434E-4D95-421A-9F60-ACBC03614BC9}.Debug|x86.Build.0 = Debug|Any CPU
		{37F2434E-4D95-421A-9F60-ACBC03614BC9}.Release|Any CPU.ActiveCfg = Release|Any CPU
		{37F2434E-4D95-421A-9F60-ACBC03614BC9}.Release|Any CPU.Build.0 = Release|Any CPU
		{37F2434E-4D95-421A-9F60-ACBC03614BC9}.Release|x64.ActiveCfg = Release|Any CPU
		{37F2434E-4D95-421A-9F60-ACBC03614BC9}.Release|x64.Build.0 = Release|Any CPU
		{37F2434E-4D95-421A-9F60-ACBC03614BC9}.Release|x86.ActiveCfg = Release|Any CPU
		{37F2434E-4D95-421A-9F60-ACBC03614BC9}.Release|x86.Build.0 = Release|Any CPU
		{B97EDC1F-BECC-414F-BCA8-C59DB1BC784A}.Debug|Any CPU.ActiveCfg = Debug|Any CPU
		{B97EDC1F-BECC-414F-BCA8-C59DB1BC784A}.Debug|Any CPU.Build.0 = Debug|Any CPU
		{B97EDC1F-BECC-414F-BCA8-C59DB1BC784A}.Debug|x64.ActiveCfg = Debug|Any CPU
		{B97EDC1F-BECC-414F-BCA8-C59DB1BC784A}.Debug|x64.Build.0 = Debug|Any CPU
		{B97EDC1F-BECC-414F-BCA8-C59DB1BC784A}.Debug|x86.ActiveCfg = Debug|Any CPU
		{B97EDC1F-BECC-414F-BCA8-C59DB1BC784A}.Debug|x86.Build.0 = Debug|Any CPU
		{B97EDC1F-BECC-414F-BCA8-C59DB1BC784A}.Release|Any CPU.ActiveCfg = Release|Any CPU
		{B97EDC1F-BECC-414F-BCA8-C59DB1BC784A}.Release|Any CPU.Build.0 = Release|Any CPU
		{B97EDC1F-BECC-414F-BCA8-C59DB1BC784A}.Release|x64.ActiveCfg = Release|Any CPU
		{B97EDC1F-BECC-414F-BCA8-C59DB1BC784A}.Release|x64.Build.0 = Release|Any CPU
		{B97EDC1F-BECC-414F-BCA8-C59DB1BC784A}.Release|x86.ActiveCfg = Release|Any CPU
		{B97EDC1F-BECC-414F-BCA8-C59DB1BC784A}.Release|x86.Build.0 = Release|Any CPU
		{F65B7D3A-6A8B-4FA8-B7CC-F75933644889}.Debug|Any CPU.ActiveCfg = Debug|Any CPU
		{F65B7D3A-6A8B-4FA8-B7CC-F75933644889}.Debug|Any CPU.Build.0 = Debug|Any CPU
		{F65B7D3A-6A8B-4FA8-B7CC-F75933644889}.Debug|x64.ActiveCfg = Debug|Any CPU
		{F65B7D3A-6A8B-4FA8-B7CC-F75933644889}.Debug|x64.Build.0 = Debug|Any CPU
		{F65B7D3A-6A8B-4FA8-B7CC-F75933644889}.Debug|x86.ActiveCfg = Debug|Any CPU
		{F65B7D3A-6A8B-4FA8-B7CC-F75933644889}.Debug|x86.Build.0 = Debug|Any CPU
		{F65B7D3A-6A8B-4FA8-B7CC-F75933644889}.Release|Any CPU.ActiveCfg = Release|Any CPU
		{F65B7D3A-6A8B-4FA8-B7CC-F75933644889}.Release|Any CPU.Build.0 = Release|Any CPU
		{F65B7D3A-6A8B-4FA8-B7CC-F75933644889}.Release|x64.ActiveCfg = Release|Any CPU
		{F65B7D3A-6A8B-4FA8-B7CC-F75933644889}.Release|x64.Build.0 = Release|Any CPU
		{F65B7D3A-6A8B-4FA8-B7CC-F75933644889}.Release|x86.ActiveCfg = Release|Any CPU
		{F65B7D3A-6A8B-4FA8-B7CC-F75933644889}.Release|x86.Build.0 = Release|Any CPU
		{04E816B9-1CD8-4AD9-AE61-DEBF6941EBA5}.Debug|Any CPU.ActiveCfg = Debug|Any CPU
		{04E816B9-1CD8-4AD9-AE61-DEBF6941EBA5}.Debug|Any CPU.Build.0 = Debug|Any CPU
		{04E816B9-1CD8-4AD9-AE61-DEBF6941EBA5}.Debug|x64.ActiveCfg = Debug|Any CPU
		{04E816B9-1CD8-4AD9-AE61-DEBF6941EBA5}.Debug|x64.Build.0 = Debug|Any CPU
		{04E816B9-1CD8-4AD9-AE61-DEBF6941EBA5}.Debug|x86.ActiveCfg = Debug|Any CPU
		{04E816B9-1CD8-4AD9-AE61-DEBF6941EBA5}.Debug|x86.Build.0 = Debug|Any CPU
		{04E816B9-1CD8-4AD9-AE61-DEBF6941EBA5}.Release|Any CPU.ActiveCfg = Release|Any CPU
		{04E816B9-1CD8-4AD9-AE61-DEBF6941EBA5}.Release|Any CPU.Build.0 = Release|Any CPU
		{04E816B9-1CD8-4AD9-AE61-DEBF6941EBA5}.Release|x64.ActiveCfg = Release|Any CPU
		{04E816B9-1CD8-4AD9-AE61-DEBF6941EBA5}.Release|x64.Build.0 = Release|Any CPU
		{04E816B9-1CD8-4AD9-AE61-DEBF6941EBA5}.Release|x86.ActiveCfg = Release|Any CPU
		{04E816B9-1CD8-4AD9-AE61-DEBF6941EBA5}.Release|x86.Build.0 = Release|Any CPU
		{6FD4A4DC-5594-482B-9DB3-47155AD79B8E}.Debug|Any CPU.ActiveCfg = Debug|Any CPU
		{6FD4A4DC-5594-482B-9DB3-47155AD79B8E}.Debug|Any CPU.Build.0 = Debug|Any CPU
		{6FD4A4DC-5594-482B-9DB3-47155AD79B8E}.Debug|x64.ActiveCfg = Debug|Any CPU
		{6FD4A4DC-5594-482B-9DB3-47155AD79B8E}.Debug|x64.Build.0 = Debug|Any CPU
		{6FD4A4DC-5594-482B-9DB3-47155AD79B8E}.Debug|x86.ActiveCfg = Debug|Any CPU
		{6FD4A4DC-5594-482B-9DB3-47155AD79B8E}.Debug|x86.Build.0 = Debug|Any CPU
		{6FD4A4DC-5594-482B-9DB3-47155AD79B8E}.Release|Any CPU.ActiveCfg = Release|Any CPU
		{6FD4A4DC-5594-482B-9DB3-47155AD79B8E}.Release|Any CPU.Build.0 = Release|Any CPU
		{6FD4A4DC-5594-482B-9DB3-47155AD79B8E}.Release|x64.ActiveCfg = Release|Any CPU
		{6FD4A4DC-5594-482B-9DB3-47155AD79B8E}.Release|x64.Build.0 = Release|Any CPU
		{6FD4A4DC-5594-482B-9DB3-47155AD79B8E}.Release|x86.ActiveCfg = Release|Any CPU
		{6FD4A4DC-5594-482B-9DB3-47155AD79B8E}.Release|x86.Build.0 = Release|Any CPU
		{3B391D37-09D8-441F-B9A1-6CE5EE00EF74}.Debug|Any CPU.ActiveCfg = Debug|Any CPU
		{3B391D37-09D8-441F-B9A1-6CE5EE00EF74}.Debug|Any CPU.Build.0 = Debug|Any CPU
		{3B391D37-09D8-441F-B9A1-6CE5EE00EF74}.Debug|x64.ActiveCfg = Debug|Any CPU
		{3B391D37-09D8-441F-B9A1-6CE5EE00EF74}.Debug|x64.Build.0 = Debug|Any CPU
		{3B391D37-09D8-441F-B9A1-6CE5EE00EF74}.Debug|x86.ActiveCfg = Debug|Any CPU
		{3B391D37-09D8-441F-B9A1-6CE5EE00EF74}.Debug|x86.Build.0 = Debug|Any CPU
		{3B391D37-09D8-441F-B9A1-6CE5EE00EF74}.Release|Any CPU.ActiveCfg = Release|Any CPU
		{3B391D37-09D8-441F-B9A1-6CE5EE00EF74}.Release|Any CPU.Build.0 = Release|Any CPU
		{3B391D37-09D8-441F-B9A1-6CE5EE00EF74}.Release|x64.ActiveCfg = Release|Any CPU
		{3B391D37-09D8-441F-B9A1-6CE5EE00EF74}.Release|x64.Build.0 = Release|Any CPU
		{3B391D37-09D8-441F-B9A1-6CE5EE00EF74}.Release|x86.ActiveCfg = Release|Any CPU
		{3B391D37-09D8-441F-B9A1-6CE5EE00EF74}.Release|x86.Build.0 = Release|Any CPU
		{C4249536-C6E9-44B9-B921-B84E9404BB0C}.Debug|Any CPU.ActiveCfg = Debug|Any CPU
		{C4249536-C6E9-44B9-B921-B84E9404BB0C}.Debug|Any CPU.Build.0 = Debug|Any CPU
		{C4249536-C6E9-44B9-B921-B84E9404BB0C}.Debug|x64.ActiveCfg = Debug|Any CPU
		{C4249536-C6E9-44B9-B921-B84E9404BB0C}.Debug|x64.Build.0 = Debug|Any CPU
		{C4249536-C6E9-44B9-B921-B84E9404BB0C}.Debug|x86.ActiveCfg = Debug|Any CPU
		{C4249536-C6E9-44B9-B921-B84E9404BB0C}.Debug|x86.Build.0 = Debug|Any CPU
		{C4249536-C6E9-44B9-B921-B84E9404BB0C}.Release|Any CPU.ActiveCfg = Release|Any CPU
		{C4249536-C6E9-44B9-B921-B84E9404BB0C}.Release|Any CPU.Build.0 = Release|Any CPU
		{C4249536-C6E9-44B9-B921-B84E9404BB0C}.Release|x64.ActiveCfg = Release|Any CPU
		{C4249536-C6E9-44B9-B921-B84E9404BB0C}.Release|x64.Build.0 = Release|Any CPU
		{C4249536-C6E9-44B9-B921-B84E9404BB0C}.Release|x86.ActiveCfg = Release|Any CPU
		{C4249536-C6E9-44B9-B921-B84E9404BB0C}.Release|x86.Build.0 = Release|Any CPU
		{EE296738-CA7C-4769-9DC2-4126C9AB29F1}.Debug|Any CPU.ActiveCfg = Debug|Any CPU
		{EE296738-CA7C-4769-9DC2-4126C9AB29F1}.Debug|Any CPU.Build.0 = Debug|Any CPU
		{EE296738-CA7C-4769-9DC2-4126C9AB29F1}.Debug|x64.ActiveCfg = Debug|Any CPU
		{EE296738-CA7C-4769-9DC2-4126C9AB29F1}.Debug|x64.Build.0 = Debug|Any CPU
		{EE296738-CA7C-4769-9DC2-4126C9AB29F1}.Debug|x86.ActiveCfg = Debug|Any CPU
		{EE296738-CA7C-4769-9DC2-4126C9AB29F1}.Debug|x86.Build.0 = Debug|Any CPU
		{EE296738-CA7C-4769-9DC2-4126C9AB29F1}.Release|Any CPU.ActiveCfg = Release|Any CPU
		{EE296738-CA7C-4769-9DC2-4126C9AB29F1}.Release|Any CPU.Build.0 = Release|Any CPU
		{EE296738-CA7C-4769-9DC2-4126C9AB29F1}.Release|x64.ActiveCfg = Release|Any CPU
		{EE296738-CA7C-4769-9DC2-4126C9AB29F1}.Release|x64.Build.0 = Release|Any CPU
		{EE296738-CA7C-4769-9DC2-4126C9AB29F1}.Release|x86.ActiveCfg = Release|Any CPU
		{EE296738-CA7C-4769-9DC2-4126C9AB29F1}.Release|x86.Build.0 = Release|Any CPU
		{A1474CC2-F095-4991-B80B-548EBCACF8E5}.Debug|Any CPU.ActiveCfg = Debug|Any CPU
		{A1474CC2-F095-4991-B80B-548EBCACF8E5}.Debug|Any CPU.Build.0 = Debug|Any CPU
		{A1474CC2-F095-4991-B80B-548EBCACF8E5}.Debug|x64.ActiveCfg = Debug|Any CPU
		{A1474CC2-F095-4991-B80B-548EBCACF8E5}.Debug|x64.Build.0 = Debug|Any CPU
		{A1474CC2-F095-4991-B80B-548EBCACF8E5}.Debug|x86.ActiveCfg = Debug|Any CPU
		{A1474CC2-F095-4991-B80B-548EBCACF8E5}.Debug|x86.Build.0 = Debug|Any CPU
		{A1474CC2-F095-4991-B80B-548EBCACF8E5}.Release|Any CPU.ActiveCfg = Release|Any CPU
		{A1474CC2-F095-4991-B80B-548EBCACF8E5}.Release|Any CPU.Build.0 = Release|Any CPU
		{A1474CC2-F095-4991-B80B-548EBCACF8E5}.Release|x64.ActiveCfg = Release|Any CPU
		{A1474CC2-F095-4991-B80B-548EBCACF8E5}.Release|x64.Build.0 = Release|Any CPU
		{A1474CC2-F095-4991-B80B-548EBCACF8E5}.Release|x86.ActiveCfg = Release|Any CPU
		{A1474CC2-F095-4991-B80B-548EBCACF8E5}.Release|x86.Build.0 = Release|Any CPU
		{DEF9C01E-7E30-4422-9190-CF354FA9ACA0}.Debug|Any CPU.ActiveCfg = Debug|Any CPU
		{DEF9C01E-7E30-4422-9190-CF354FA9ACA0}.Debug|Any CPU.Build.0 = Debug|Any CPU
		{DEF9C01E-7E30-4422-9190-CF354FA9ACA0}.Debug|x64.ActiveCfg = Debug|Any CPU
		{DEF9C01E-7E30-4422-9190-CF354FA9ACA0}.Debug|x64.Build.0 = Debug|Any CPU
		{DEF9C01E-7E30-4422-9190-CF354FA9ACA0}.Debug|x86.ActiveCfg = Debug|Any CPU
		{DEF9C01E-7E30-4422-9190-CF354FA9ACA0}.Debug|x86.Build.0 = Debug|Any CPU
		{DEF9C01E-7E30-4422-9190-CF354FA9ACA0}.Release|Any CPU.ActiveCfg = Release|Any CPU
		{DEF9C01E-7E30-4422-9190-CF354FA9ACA0}.Release|Any CPU.Build.0 = Release|Any CPU
		{DEF9C01E-7E30-4422-9190-CF354FA9ACA0}.Release|x64.ActiveCfg = Release|Any CPU
		{DEF9C01E-7E30-4422-9190-CF354FA9ACA0}.Release|x64.Build.0 = Release|Any CPU
		{DEF9C01E-7E30-4422-9190-CF354FA9ACA0}.Release|x86.ActiveCfg = Release|Any CPU
		{DEF9C01E-7E30-4422-9190-CF354FA9ACA0}.Release|x86.Build.0 = Release|Any CPU
		{5FDC151D-BB6D-431C-A27C-5DD945D85A78}.Debug|Any CPU.ActiveCfg = Debug|Any CPU
		{5FDC151D-BB6D-431C-A27C-5DD945D85A78}.Debug|Any CPU.Build.0 = Debug|Any CPU
		{5FDC151D-BB6D-431C-A27C-5DD945D85A78}.Debug|x64.ActiveCfg = Debug|Any CPU
		{5FDC151D-BB6D-431C-A27C-5DD945D85A78}.Debug|x64.Build.0 = Debug|Any CPU
		{5FDC151D-BB6D-431C-A27C-5DD945D85A78}.Debug|x86.ActiveCfg = Debug|Any CPU
		{5FDC151D-BB6D-431C-A27C-5DD945D85A78}.Debug|x86.Build.0 = Debug|Any CPU
		{5FDC151D-BB6D-431C-A27C-5DD945D85A78}.Release|Any CPU.ActiveCfg = Release|Any CPU
		{5FDC151D-BB6D-431C-A27C-5DD945D85A78}.Release|Any CPU.Build.0 = Release|Any CPU
		{5FDC151D-BB6D-431C-A27C-5DD945D85A78}.Release|x64.ActiveCfg = Release|Any CPU
		{5FDC151D-BB6D-431C-A27C-5DD945D85A78}.Release|x64.Build.0 = Release|Any CPU
		{5FDC151D-BB6D-431C-A27C-5DD945D85A78}.Release|x86.ActiveCfg = Release|Any CPU
		{5FDC151D-BB6D-431C-A27C-5DD945D85A78}.Release|x86.Build.0 = Release|Any CPU
		{4B1B9A36-1A97-4546-8555-AE533232BDFC}.Debug|Any CPU.ActiveCfg = Debug|Any CPU
		{4B1B9A36-1A97-4546-8555-AE533232BDFC}.Debug|Any CPU.Build.0 = Debug|Any CPU
		{4B1B9A36-1A97-4546-8555-AE533232BDFC}.Debug|x64.ActiveCfg = Debug|Any CPU
		{4B1B9A36-1A97-4546-8555-AE533232BDFC}.Debug|x64.Build.0 = Debug|Any CPU
		{4B1B9A36-1A97-4546-8555-AE533232BDFC}.Debug|x86.ActiveCfg = Debug|Any CPU
		{4B1B9A36-1A97-4546-8555-AE533232BDFC}.Debug|x86.Build.0 = Debug|Any CPU
		{4B1B9A36-1A97-4546-8555-AE533232BDFC}.Release|Any CPU.ActiveCfg = Release|Any CPU
		{4B1B9A36-1A97-4546-8555-AE533232BDFC}.Release|Any CPU.Build.0 = Release|Any CPU
		{4B1B9A36-1A97-4546-8555-AE533232BDFC}.Release|x64.ActiveCfg = Release|Any CPU
		{4B1B9A36-1A97-4546-8555-AE533232BDFC}.Release|x64.Build.0 = Release|Any CPU
		{4B1B9A36-1A97-4546-8555-AE533232BDFC}.Release|x86.ActiveCfg = Release|Any CPU
		{4B1B9A36-1A97-4546-8555-AE533232BDFC}.Release|x86.Build.0 = Release|Any CPU
		{9D4D0A24-6C69-4BA6-810A-1E2D85E161BF}.Debug|Any CPU.ActiveCfg = Debug|Any CPU
		{9D4D0A24-6C69-4BA6-810A-1E2D85E161BF}.Debug|Any CPU.Build.0 = Debug|Any CPU
		{9D4D0A24-6C69-4BA6-810A-1E2D85E161BF}.Debug|x64.ActiveCfg = Debug|Any CPU
		{9D4D0A24-6C69-4BA6-810A-1E2D85E161BF}.Debug|x64.Build.0 = Debug|Any CPU
		{9D4D0A24-6C69-4BA6-810A-1E2D85E161BF}.Debug|x86.ActiveCfg = Debug|Any CPU
		{9D4D0A24-6C69-4BA6-810A-1E2D85E161BF}.Debug|x86.Build.0 = Debug|Any CPU
		{9D4D0A24-6C69-4BA6-810A-1E2D85E161BF}.Release|Any CPU.ActiveCfg = Release|Any CPU
		{9D4D0A24-6C69-4BA6-810A-1E2D85E161BF}.Release|Any CPU.Build.0 = Release|Any CPU
		{9D4D0A24-6C69-4BA6-810A-1E2D85E161BF}.Release|x64.ActiveCfg = Release|Any CPU
		{9D4D0A24-6C69-4BA6-810A-1E2D85E161BF}.Release|x64.Build.0 = Release|Any CPU
		{9D4D0A24-6C69-4BA6-810A-1E2D85E161BF}.Release|x86.ActiveCfg = Release|Any CPU
		{9D4D0A24-6C69-4BA6-810A-1E2D85E161BF}.Release|x86.Build.0 = Release|Any CPU
		{06DD21B1-0309-49E6-84F6-9C549A2B643C}.Debug|Any CPU.ActiveCfg = Debug|Any CPU
		{06DD21B1-0309-49E6-84F6-9C549A2B643C}.Debug|Any CPU.Build.0 = Debug|Any CPU
		{06DD21B1-0309-49E6-84F6-9C549A2B643C}.Debug|x64.ActiveCfg = Debug|Any CPU
		{06DD21B1-0309-49E6-84F6-9C549A2B643C}.Debug|x64.Build.0 = Debug|Any CPU
		{06DD21B1-0309-49E6-84F6-9C549A2B643C}.Debug|x86.ActiveCfg = Debug|Any CPU
		{06DD21B1-0309-49E6-84F6-9C549A2B643C}.Debug|x86.Build.0 = Debug|Any CPU
		{06DD21B1-0309-49E6-84F6-9C549A2B643C}.Release|Any CPU.ActiveCfg = Release|Any CPU
		{06DD21B1-0309-49E6-84F6-9C549A2B643C}.Release|Any CPU.Build.0 = Release|Any CPU
		{06DD21B1-0309-49E6-84F6-9C549A2B643C}.Release|x64.ActiveCfg = Release|Any CPU
		{06DD21B1-0309-49E6-84F6-9C549A2B643C}.Release|x64.Build.0 = Release|Any CPU
		{06DD21B1-0309-49E6-84F6-9C549A2B643C}.Release|x86.ActiveCfg = Release|Any CPU
		{06DD21B1-0309-49E6-84F6-9C549A2B643C}.Release|x86.Build.0 = Release|Any CPU
		{0A80183A-B28D-4EC4-8B1A-AADAFFE3DC18}.Debug|Any CPU.ActiveCfg = Debug|Any CPU
		{0A80183A-B28D-4EC4-8B1A-AADAFFE3DC18}.Debug|Any CPU.Build.0 = Debug|Any CPU
		{0A80183A-B28D-4EC4-8B1A-AADAFFE3DC18}.Debug|x64.ActiveCfg = Debug|Any CPU
		{0A80183A-B28D-4EC4-8B1A-AADAFFE3DC18}.Debug|x64.Build.0 = Debug|Any CPU
		{0A80183A-B28D-4EC4-8B1A-AADAFFE3DC18}.Debug|x86.ActiveCfg = Debug|Any CPU
		{0A80183A-B28D-4EC4-8B1A-AADAFFE3DC18}.Debug|x86.Build.0 = Debug|Any CPU
		{0A80183A-B28D-4EC4-8B1A-AADAFFE3DC18}.Release|Any CPU.ActiveCfg = Release|Any CPU
		{0A80183A-B28D-4EC4-8B1A-AADAFFE3DC18}.Release|Any CPU.Build.0 = Release|Any CPU
		{0A80183A-B28D-4EC4-8B1A-AADAFFE3DC18}.Release|x64.ActiveCfg = Release|Any CPU
		{0A80183A-B28D-4EC4-8B1A-AADAFFE3DC18}.Release|x64.Build.0 = Release|Any CPU
		{0A80183A-B28D-4EC4-8B1A-AADAFFE3DC18}.Release|x86.ActiveCfg = Release|Any CPU
		{0A80183A-B28D-4EC4-8B1A-AADAFFE3DC18}.Release|x86.Build.0 = Release|Any CPU
		{ABFBF794-7520-40FD-BBF7-FE92CD1A3D7F}.Debug|Any CPU.ActiveCfg = Debug|Any CPU
		{ABFBF794-7520-40FD-BBF7-FE92CD1A3D7F}.Debug|Any CPU.Build.0 = Debug|Any CPU
		{ABFBF794-7520-40FD-BBF7-FE92CD1A3D7F}.Debug|x64.ActiveCfg = Debug|Any CPU
		{ABFBF794-7520-40FD-BBF7-FE92CD1A3D7F}.Debug|x64.Build.0 = Debug|Any CPU
		{ABFBF794-7520-40FD-BBF7-FE92CD1A3D7F}.Debug|x86.ActiveCfg = Debug|Any CPU
		{ABFBF794-7520-40FD-BBF7-FE92CD1A3D7F}.Debug|x86.Build.0 = Debug|Any CPU
		{ABFBF794-7520-40FD-BBF7-FE92CD1A3D7F}.Release|Any CPU.ActiveCfg = Release|Any CPU
		{ABFBF794-7520-40FD-BBF7-FE92CD1A3D7F}.Release|Any CPU.Build.0 = Release|Any CPU
		{ABFBF794-7520-40FD-BBF7-FE92CD1A3D7F}.Release|x64.ActiveCfg = Release|Any CPU
		{ABFBF794-7520-40FD-BBF7-FE92CD1A3D7F}.Release|x64.Build.0 = Release|Any CPU
		{ABFBF794-7520-40FD-BBF7-FE92CD1A3D7F}.Release|x86.ActiveCfg = Release|Any CPU
		{ABFBF794-7520-40FD-BBF7-FE92CD1A3D7F}.Release|x86.Build.0 = Release|Any CPU
		{11BE55F3-A0FC-43E0-BF58-D695816D1A8A}.Debug|Any CPU.ActiveCfg = Debug|Any CPU
		{11BE55F3-A0FC-43E0-BF58-D695816D1A8A}.Debug|Any CPU.Build.0 = Debug|Any CPU
		{11BE55F3-A0FC-43E0-BF58-D695816D1A8A}.Debug|x64.ActiveCfg = Debug|Any CPU
		{11BE55F3-A0FC-43E0-BF58-D695816D1A8A}.Debug|x64.Build.0 = Debug|Any CPU
		{11BE55F3-A0FC-43E0-BF58-D695816D1A8A}.Debug|x86.ActiveCfg = Debug|Any CPU
		{11BE55F3-A0FC-43E0-BF58-D695816D1A8A}.Debug|x86.Build.0 = Debug|Any CPU
		{11BE55F3-A0FC-43E0-BF58-D695816D1A8A}.Release|Any CPU.ActiveCfg = Release|Any CPU
		{11BE55F3-A0FC-43E0-BF58-D695816D1A8A}.Release|Any CPU.Build.0 = Release|Any CPU
		{11BE55F3-A0FC-43E0-BF58-D695816D1A8A}.Release|x64.ActiveCfg = Release|Any CPU
		{11BE55F3-A0FC-43E0-BF58-D695816D1A8A}.Release|x64.Build.0 = Release|Any CPU
		{11BE55F3-A0FC-43E0-BF58-D695816D1A8A}.Release|x86.ActiveCfg = Release|Any CPU
		{11BE55F3-A0FC-43E0-BF58-D695816D1A8A}.Release|x86.Build.0 = Release|Any CPU
		{3E348343-5794-43BA-BD08-F75A49808F48}.Debug|Any CPU.ActiveCfg = Debug|Any CPU
		{3E348343-5794-43BA-BD08-F75A49808F48}.Debug|Any CPU.Build.0 = Debug|Any CPU
		{3E348343-5794-43BA-BD08-F75A49808F48}.Debug|x64.ActiveCfg = Debug|Any CPU
		{3E348343-5794-43BA-BD08-F75A49808F48}.Debug|x64.Build.0 = Debug|Any CPU
		{3E348343-5794-43BA-BD08-F75A49808F48}.Debug|x86.ActiveCfg = Debug|Any CPU
		{3E348343-5794-43BA-BD08-F75A49808F48}.Debug|x86.Build.0 = Debug|Any CPU
		{3E348343-5794-43BA-BD08-F75A49808F48}.Release|Any CPU.ActiveCfg = Release|Any CPU
		{3E348343-5794-43BA-BD08-F75A49808F48}.Release|Any CPU.Build.0 = Release|Any CPU
		{3E348343-5794-43BA-BD08-F75A49808F48}.Release|x64.ActiveCfg = Release|Any CPU
		{3E348343-5794-43BA-BD08-F75A49808F48}.Release|x64.Build.0 = Release|Any CPU
		{3E348343-5794-43BA-BD08-F75A49808F48}.Release|x86.ActiveCfg = Release|Any CPU
		{3E348343-5794-43BA-BD08-F75A49808F48}.Release|x86.Build.0 = Release|Any CPU
		{F3A9992A-DDAA-497B-9B03-744E8CC7D7D5}.Debug|Any CPU.ActiveCfg = Debug|Any CPU
		{F3A9992A-DDAA-497B-9B03-744E8CC7D7D5}.Debug|Any CPU.Build.0 = Debug|Any CPU
		{F3A9992A-DDAA-497B-9B03-744E8CC7D7D5}.Debug|x64.ActiveCfg = Debug|Any CPU
		{F3A9992A-DDAA-497B-9B03-744E8CC7D7D5}.Debug|x64.Build.0 = Debug|Any CPU
		{F3A9992A-DDAA-497B-9B03-744E8CC7D7D5}.Debug|x86.ActiveCfg = Debug|Any CPU
		{F3A9992A-DDAA-497B-9B03-744E8CC7D7D5}.Debug|x86.Build.0 = Debug|Any CPU
		{F3A9992A-DDAA-497B-9B03-744E8CC7D7D5}.Release|Any CPU.ActiveCfg = Release|Any CPU
		{F3A9992A-DDAA-497B-9B03-744E8CC7D7D5}.Release|Any CPU.Build.0 = Release|Any CPU
		{F3A9992A-DDAA-497B-9B03-744E8CC7D7D5}.Release|x64.ActiveCfg = Release|Any CPU
		{F3A9992A-DDAA-497B-9B03-744E8CC7D7D5}.Release|x64.Build.0 = Release|Any CPU
		{F3A9992A-DDAA-497B-9B03-744E8CC7D7D5}.Release|x86.ActiveCfg = Release|Any CPU
		{F3A9992A-DDAA-497B-9B03-744E8CC7D7D5}.Release|x86.Build.0 = Release|Any CPU
		{3E988FA0-6165-4140-8063-8D6CEF4FC8DD}.Debug|Any CPU.ActiveCfg = Debug|Any CPU
		{3E988FA0-6165-4140-8063-8D6CEF4FC8DD}.Debug|Any CPU.Build.0 = Debug|Any CPU
		{3E988FA0-6165-4140-8063-8D6CEF4FC8DD}.Debug|x64.ActiveCfg = Debug|Any CPU
		{3E988FA0-6165-4140-8063-8D6CEF4FC8DD}.Debug|x64.Build.0 = Debug|Any CPU
		{3E988FA0-6165-4140-8063-8D6CEF4FC8DD}.Debug|x86.ActiveCfg = Debug|Any CPU
		{3E988FA0-6165-4140-8063-8D6CEF4FC8DD}.Debug|x86.Build.0 = Debug|Any CPU
		{3E988FA0-6165-4140-8063-8D6CEF4FC8DD}.Release|Any CPU.ActiveCfg = Release|Any CPU
		{3E988FA0-6165-4140-8063-8D6CEF4FC8DD}.Release|Any CPU.Build.0 = Release|Any CPU
		{3E988FA0-6165-4140-8063-8D6CEF4FC8DD}.Release|x64.ActiveCfg = Release|Any CPU
		{3E988FA0-6165-4140-8063-8D6CEF4FC8DD}.Release|x64.Build.0 = Release|Any CPU
		{3E988FA0-6165-4140-8063-8D6CEF4FC8DD}.Release|x86.ActiveCfg = Release|Any CPU
		{3E988FA0-6165-4140-8063-8D6CEF4FC8DD}.Release|x86.Build.0 = Release|Any CPU
		{E67E180A-23DA-48E2-A1F3-D5909868DD18}.Debug|Any CPU.ActiveCfg = Debug|Any CPU
		{E67E180A-23DA-48E2-A1F3-D5909868DD18}.Debug|Any CPU.Build.0 = Debug|Any CPU
		{E67E180A-23DA-48E2-A1F3-D5909868DD18}.Debug|x64.ActiveCfg = Debug|Any CPU
		{E67E180A-23DA-48E2-A1F3-D5909868DD18}.Debug|x64.Build.0 = Debug|Any CPU
		{E67E180A-23DA-48E2-A1F3-D5909868DD18}.Debug|x86.ActiveCfg = Debug|Any CPU
		{E67E180A-23DA-48E2-A1F3-D5909868DD18}.Debug|x86.Build.0 = Debug|Any CPU
		{E67E180A-23DA-48E2-A1F3-D5909868DD18}.Release|Any CPU.ActiveCfg = Release|Any CPU
		{E67E180A-23DA-48E2-A1F3-D5909868DD18}.Release|Any CPU.Build.0 = Release|Any CPU
		{E67E180A-23DA-48E2-A1F3-D5909868DD18}.Release|x64.ActiveCfg = Release|Any CPU
		{E67E180A-23DA-48E2-A1F3-D5909868DD18}.Release|x64.Build.0 = Release|Any CPU
		{E67E180A-23DA-48E2-A1F3-D5909868DD18}.Release|x86.ActiveCfg = Release|Any CPU
		{E67E180A-23DA-48E2-A1F3-D5909868DD18}.Release|x86.Build.0 = Release|Any CPU
		{60B389AC-8845-46B7-8EBF-DA6352F15B85}.Debug|Any CPU.ActiveCfg = Debug|Any CPU
		{60B389AC-8845-46B7-8EBF-DA6352F15B85}.Debug|Any CPU.Build.0 = Debug|Any CPU
		{60B389AC-8845-46B7-8EBF-DA6352F15B85}.Debug|x64.ActiveCfg = Debug|Any CPU
		{60B389AC-8845-46B7-8EBF-DA6352F15B85}.Debug|x64.Build.0 = Debug|Any CPU
		{60B389AC-8845-46B7-8EBF-DA6352F15B85}.Debug|x86.ActiveCfg = Debug|Any CPU
		{60B389AC-8845-46B7-8EBF-DA6352F15B85}.Debug|x86.Build.0 = Debug|Any CPU
		{60B389AC-8845-46B7-8EBF-DA6352F15B85}.Release|Any CPU.ActiveCfg = Release|Any CPU
		{60B389AC-8845-46B7-8EBF-DA6352F15B85}.Release|Any CPU.Build.0 = Release|Any CPU
		{60B389AC-8845-46B7-8EBF-DA6352F15B85}.Release|x64.ActiveCfg = Release|Any CPU
		{60B389AC-8845-46B7-8EBF-DA6352F15B85}.Release|x64.Build.0 = Release|Any CPU
		{60B389AC-8845-46B7-8EBF-DA6352F15B85}.Release|x86.ActiveCfg = Release|Any CPU
		{60B389AC-8845-46B7-8EBF-DA6352F15B85}.Release|x86.Build.0 = Release|Any CPU
		{BBA47AE2-37DB-45DF-8FEF-1274ED1938FD}.Debug|Any CPU.ActiveCfg = Debug|Any CPU
		{BBA47AE2-37DB-45DF-8FEF-1274ED1938FD}.Debug|Any CPU.Build.0 = Debug|Any CPU
		{BBA47AE2-37DB-45DF-8FEF-1274ED1938FD}.Debug|x64.ActiveCfg = Debug|Any CPU
		{BBA47AE2-37DB-45DF-8FEF-1274ED1938FD}.Debug|x64.Build.0 = Debug|Any CPU
		{BBA47AE2-37DB-45DF-8FEF-1274ED1938FD}.Debug|x86.ActiveCfg = Debug|Any CPU
		{BBA47AE2-37DB-45DF-8FEF-1274ED1938FD}.Debug|x86.Build.0 = Debug|Any CPU
		{BBA47AE2-37DB-45DF-8FEF-1274ED1938FD}.Release|Any CPU.ActiveCfg = Release|Any CPU
		{BBA47AE2-37DB-45DF-8FEF-1274ED1938FD}.Release|Any CPU.Build.0 = Release|Any CPU
		{BBA47AE2-37DB-45DF-8FEF-1274ED1938FD}.Release|x64.ActiveCfg = Release|Any CPU
		{BBA47AE2-37DB-45DF-8FEF-1274ED1938FD}.Release|x64.Build.0 = Release|Any CPU
		{BBA47AE2-37DB-45DF-8FEF-1274ED1938FD}.Release|x86.ActiveCfg = Release|Any CPU
		{BBA47AE2-37DB-45DF-8FEF-1274ED1938FD}.Release|x86.Build.0 = Release|Any CPU
		{E21E7696-CBB0-4510-9316-C0F4CBF038B4}.Debug|Any CPU.ActiveCfg = Debug|Any CPU
		{E21E7696-CBB0-4510-9316-C0F4CBF038B4}.Debug|Any CPU.Build.0 = Debug|Any CPU
		{E21E7696-CBB0-4510-9316-C0F4CBF038B4}.Debug|x64.ActiveCfg = Debug|Any CPU
		{E21E7696-CBB0-4510-9316-C0F4CBF038B4}.Debug|x64.Build.0 = Debug|Any CPU
		{E21E7696-CBB0-4510-9316-C0F4CBF038B4}.Debug|x86.ActiveCfg = Debug|Any CPU
		{E21E7696-CBB0-4510-9316-C0F4CBF038B4}.Debug|x86.Build.0 = Debug|Any CPU
		{E21E7696-CBB0-4510-9316-C0F4CBF038B4}.Release|Any CPU.ActiveCfg = Release|Any CPU
		{E21E7696-CBB0-4510-9316-C0F4CBF038B4}.Release|Any CPU.Build.0 = Release|Any CPU
		{E21E7696-CBB0-4510-9316-C0F4CBF038B4}.Release|x64.ActiveCfg = Release|Any CPU
		{E21E7696-CBB0-4510-9316-C0F4CBF038B4}.Release|x64.Build.0 = Release|Any CPU
		{E21E7696-CBB0-4510-9316-C0F4CBF038B4}.Release|x86.ActiveCfg = Release|Any CPU
		{E21E7696-CBB0-4510-9316-C0F4CBF038B4}.Release|x86.Build.0 = Release|Any CPU
		{22B67571-0772-4127-BE86-EF54BDF3D3EA}.Debug|Any CPU.ActiveCfg = Debug|Any CPU
		{22B67571-0772-4127-BE86-EF54BDF3D3EA}.Debug|Any CPU.Build.0 = Debug|Any CPU
		{22B67571-0772-4127-BE86-EF54BDF3D3EA}.Debug|x64.ActiveCfg = Debug|Any CPU
		{22B67571-0772-4127-BE86-EF54BDF3D3EA}.Debug|x64.Build.0 = Debug|Any CPU
		{22B67571-0772-4127-BE86-EF54BDF3D3EA}.Debug|x86.ActiveCfg = Debug|Any CPU
		{22B67571-0772-4127-BE86-EF54BDF3D3EA}.Debug|x86.Build.0 = Debug|Any CPU
		{22B67571-0772-4127-BE86-EF54BDF3D3EA}.Release|Any CPU.ActiveCfg = Release|Any CPU
		{22B67571-0772-4127-BE86-EF54BDF3D3EA}.Release|Any CPU.Build.0 = Release|Any CPU
		{22B67571-0772-4127-BE86-EF54BDF3D3EA}.Release|x64.ActiveCfg = Release|Any CPU
		{22B67571-0772-4127-BE86-EF54BDF3D3EA}.Release|x64.Build.0 = Release|Any CPU
		{22B67571-0772-4127-BE86-EF54BDF3D3EA}.Release|x86.ActiveCfg = Release|Any CPU
		{22B67571-0772-4127-BE86-EF54BDF3D3EA}.Release|x86.Build.0 = Release|Any CPU
		{5AF69246-8DDF-4B30-B092-4E6ADD7CDB0D}.Debug|Any CPU.ActiveCfg = Debug|Any CPU
		{5AF69246-8DDF-4B30-B092-4E6ADD7CDB0D}.Debug|Any CPU.Build.0 = Debug|Any CPU
		{5AF69246-8DDF-4B30-B092-4E6ADD7CDB0D}.Debug|x64.ActiveCfg = Debug|Any CPU
		{5AF69246-8DDF-4B30-B092-4E6ADD7CDB0D}.Debug|x64.Build.0 = Debug|Any CPU
		{5AF69246-8DDF-4B30-B092-4E6ADD7CDB0D}.Debug|x86.ActiveCfg = Debug|Any CPU
		{5AF69246-8DDF-4B30-B092-4E6ADD7CDB0D}.Debug|x86.Build.0 = Debug|Any CPU
		{5AF69246-8DDF-4B30-B092-4E6ADD7CDB0D}.Release|Any CPU.ActiveCfg = Release|Any CPU
		{5AF69246-8DDF-4B30-B092-4E6ADD7CDB0D}.Release|Any CPU.Build.0 = Release|Any CPU
		{5AF69246-8DDF-4B30-B092-4E6ADD7CDB0D}.Release|x64.ActiveCfg = Release|Any CPU
		{5AF69246-8DDF-4B30-B092-4E6ADD7CDB0D}.Release|x64.Build.0 = Release|Any CPU
		{5AF69246-8DDF-4B30-B092-4E6ADD7CDB0D}.Release|x86.ActiveCfg = Release|Any CPU
		{5AF69246-8DDF-4B30-B092-4E6ADD7CDB0D}.Release|x86.Build.0 = Release|Any CPU
		{5BF202F6-7A36-41F0-9016-527ACC627B53}.Debug|Any CPU.ActiveCfg = Debug|Any CPU
		{5BF202F6-7A36-41F0-9016-527ACC627B53}.Debug|Any CPU.Build.0 = Debug|Any CPU
		{5BF202F6-7A36-41F0-9016-527ACC627B53}.Debug|x64.ActiveCfg = Debug|Any CPU
		{5BF202F6-7A36-41F0-9016-527ACC627B53}.Debug|x64.Build.0 = Debug|Any CPU
		{5BF202F6-7A36-41F0-9016-527ACC627B53}.Debug|x86.ActiveCfg = Debug|Any CPU
		{5BF202F6-7A36-41F0-9016-527ACC627B53}.Debug|x86.Build.0 = Debug|Any CPU
		{5BF202F6-7A36-41F0-9016-527ACC627B53}.Release|Any CPU.ActiveCfg = Release|Any CPU
		{5BF202F6-7A36-41F0-9016-527ACC627B53}.Release|Any CPU.Build.0 = Release|Any CPU
		{5BF202F6-7A36-41F0-9016-527ACC627B53}.Release|x64.ActiveCfg = Release|Any CPU
		{5BF202F6-7A36-41F0-9016-527ACC627B53}.Release|x64.Build.0 = Release|Any CPU
		{5BF202F6-7A36-41F0-9016-527ACC627B53}.Release|x86.ActiveCfg = Release|Any CPU
		{5BF202F6-7A36-41F0-9016-527ACC627B53}.Release|x86.Build.0 = Release|Any CPU
		{328B82AD-ACE5-4CA2-B1F2-4BA76E23A2AD}.Debug|Any CPU.ActiveCfg = Debug|Any CPU
		{328B82AD-ACE5-4CA2-B1F2-4BA76E23A2AD}.Debug|Any CPU.Build.0 = Debug|Any CPU
		{328B82AD-ACE5-4CA2-B1F2-4BA76E23A2AD}.Debug|x64.ActiveCfg = Debug|Any CPU
		{328B82AD-ACE5-4CA2-B1F2-4BA76E23A2AD}.Debug|x64.Build.0 = Debug|Any CPU
		{328B82AD-ACE5-4CA2-B1F2-4BA76E23A2AD}.Debug|x86.ActiveCfg = Debug|Any CPU
		{328B82AD-ACE5-4CA2-B1F2-4BA76E23A2AD}.Debug|x86.Build.0 = Debug|Any CPU
		{328B82AD-ACE5-4CA2-B1F2-4BA76E23A2AD}.Release|Any CPU.ActiveCfg = Release|Any CPU
		{328B82AD-ACE5-4CA2-B1F2-4BA76E23A2AD}.Release|Any CPU.Build.0 = Release|Any CPU
		{328B82AD-ACE5-4CA2-B1F2-4BA76E23A2AD}.Release|x64.ActiveCfg = Release|Any CPU
		{328B82AD-ACE5-4CA2-B1F2-4BA76E23A2AD}.Release|x64.Build.0 = Release|Any CPU
		{328B82AD-ACE5-4CA2-B1F2-4BA76E23A2AD}.Release|x86.ActiveCfg = Release|Any CPU
		{328B82AD-ACE5-4CA2-B1F2-4BA76E23A2AD}.Release|x86.Build.0 = Release|Any CPU
		{27FF5182-77F5-481A-9323-6994FFCB29D8}.Debug|Any CPU.ActiveCfg = Debug|Any CPU
		{27FF5182-77F5-481A-9323-6994FFCB29D8}.Debug|Any CPU.Build.0 = Debug|Any CPU
		{27FF5182-77F5-481A-9323-6994FFCB29D8}.Debug|x64.ActiveCfg = Debug|Any CPU
		{27FF5182-77F5-481A-9323-6994FFCB29D8}.Debug|x64.Build.0 = Debug|Any CPU
		{27FF5182-77F5-481A-9323-6994FFCB29D8}.Debug|x86.ActiveCfg = Debug|Any CPU
		{27FF5182-77F5-481A-9323-6994FFCB29D8}.Debug|x86.Build.0 = Debug|Any CPU
		{27FF5182-77F5-481A-9323-6994FFCB29D8}.Release|Any CPU.ActiveCfg = Release|Any CPU
		{27FF5182-77F5-481A-9323-6994FFCB29D8}.Release|Any CPU.Build.0 = Release|Any CPU
		{27FF5182-77F5-481A-9323-6994FFCB29D8}.Release|x64.ActiveCfg = Release|Any CPU
		{27FF5182-77F5-481A-9323-6994FFCB29D8}.Release|x64.Build.0 = Release|Any CPU
		{27FF5182-77F5-481A-9323-6994FFCB29D8}.Release|x86.ActiveCfg = Release|Any CPU
		{27FF5182-77F5-481A-9323-6994FFCB29D8}.Release|x86.Build.0 = Release|Any CPU
	EndGlobalSection
	GlobalSection(SolutionProperties) = preSolution
		HideSolutionNode = FALSE
	EndGlobalSection
	GlobalSection(NestedProjects) = preSolution
		{28C76D60-5196-4840-AE3B-5F853C723588} = {73703BAF-1525-4A5F-A39D-613EF545FDD7}
		{426A3223-8EB4-4A74-B1AA-2083C5AA6CCC} = {73703BAF-1525-4A5F-A39D-613EF545FDD7}
		{C23A207A-56FA-4610-A0BC-EA102DAA1805} = {73703BAF-1525-4A5F-A39D-613EF545FDD7}
		{85EACDBA-1FDB-42D3-90E0-B6B6584F4B95} = {73703BAF-1525-4A5F-A39D-613EF545FDD7}
		{627D4977-3EC9-41B8-B9C1-8FB95F1E36FF} = {4CB89237-102D-4AED-A38F-C7EFEA0562D4}
		{E638D90C-0D8C-47B1-955A-FF7174C7EFE6} = {4CB89237-102D-4AED-A38F-C7EFEA0562D4}
		{C28CDFE7-8ABA-43C6-9BEB-5619F5A44F14} = {DE5E7FC6-6C83-45F8-88BB-EB77C2720DE4}
		{35F7DD61-060C-4960-9501-B82495AF081C} = {AA0E8A96-C8F7-4583-B563-1AB39BA1136B}
		{CC1CBB94-8FC6-4CC9-B82B-DF586AA7F502} = {AA0E8A96-C8F7-4583-B563-1AB39BA1136B}
		{7950CAD9-12D5-4156-9C15-65E185C41AD5} = {AA0E8A96-C8F7-4583-B563-1AB39BA1136B}
		{6DEBDC47-B9A2-4286-AB99-943BE010FF1A} = {AA0E8A96-C8F7-4583-B563-1AB39BA1136B}
		{31766361-B99B-4A26-BAB3-70958BD5CCCA} = {AA0E8A96-C8F7-4583-B563-1AB39BA1136B}
		{155290BF-E0C9-45BC-AF12-F1213971A77A} = {AA0E8A96-C8F7-4583-B563-1AB39BA1136B}
		{23C2B94D-30AD-B1BE-64BC-C20861441EBC} = {DE5E7FC6-6C83-45F8-88BB-EB77C2720DE4}
		{AF36745D-7C5C-2011-E7C8-F967D78E061E} = {23C2B94D-30AD-B1BE-64BC-C20861441EBC}
		{ECFEB673-E5B9-7A3E-285E-577B6014F5DB} = {4CB89237-102D-4AED-A38F-C7EFEA0562D4}
		{B757C9E7-E70B-AC24-D8E1-FC2D6C00EF54} = {ECFEB673-E5B9-7A3E-285E-577B6014F5DB}
		{B096B4C1-D525-AA81-FF7C-830E9ED25A26} = {4CB89237-102D-4AED-A38F-C7EFEA0562D4}
		{62E73505-87B8-43CC-DF97-0B41B4FBB79B} = {B096B4C1-D525-AA81-FF7C-830E9ED25A26}
		{337CAB2E-B1B9-9BEB-C1CD-6C7EC3B5C76C} = {73703BAF-1525-4A5F-A39D-613EF545FDD7}
		{9EEF3F71-F811-5F95-ECF0-F633874FD69B} = {337CAB2E-B1B9-9BEB-C1CD-6C7EC3B5C76C}
		{13B1635C-6105-46A6-AF99-2E3E16E38F49} = {9EEF3F71-F811-5F95-ECF0-F633874FD69B}
		{1FB25DFB-1965-483A-8A9B-5EC1C29B3CC9} = {9EEF3F71-F811-5F95-ECF0-F633874FD69B}
		{65A4D1F7-66E8-497A-AE73-D653900714A0} = {9EEF3F71-F811-5F95-ECF0-F633874FD69B}
		{F6268BA3-DF30-4C37-AA8C-6AB2F95B5792} = {9EEF3F71-F811-5F95-ECF0-F633874FD69B}
		{2F4E81D9-20CF-408B-88C0-7365C5C05897} = {9EEF3F71-F811-5F95-ECF0-F633874FD69B}
		{34504A14-594E-4788-9CC9-E7FAAC3D5531} = {9EEF3F71-F811-5F95-ECF0-F633874FD69B}
		{6186DCC8-A166-4FF9-813F-68688310A59A} = {9EEF3F71-F811-5F95-ECF0-F633874FD69B}
		{1A80BB97-2982-4691-9B47-316618DFBB0D} = {9EEF3F71-F811-5F95-ECF0-F633874FD69B}
		{51911D91-F086-5B1E-FCE3-39664A674852} = {337CAB2E-B1B9-9BEB-C1CD-6C7EC3B5C76C}
		{86D66E2B-4418-4D47-9AD3-2746DD38FC97} = {51911D91-F086-5B1E-FCE3-39664A674852}
		{0C60D4AA-A5C2-4279-A9A8-F9A8B81BB17B} = {51911D91-F086-5B1E-FCE3-39664A674852}
		{4D5033D7-F5A4-4D7B-BE41-BC050559A8C6} = {51911D91-F086-5B1E-FCE3-39664A674852}
		{3260C815-F867-45D1-B225-E2559DE52413} = {51911D91-F086-5B1E-FCE3-39664A674852}
		{62F680B5-5187-BDE6-1A25-A2882F39F610} = {73703BAF-1525-4A5F-A39D-613EF545FDD7}
		{F4997EA7-9F4D-5A59-4DFE-EE7A31F5A2CC} = {62F680B5-5187-BDE6-1A25-A2882F39F610}
		{803B3377-8465-40FB-98B5-33F818EFE854} = {F4997EA7-9F4D-5A59-4DFE-EE7A31F5A2CC}
		{7550FE2D-33F2-4CAF-B233-98399BA7C0A0} = {F4997EA7-9F4D-5A59-4DFE-EE7A31F5A2CC}
		{6C389C3E-DC1E-4CC5-AFC1-7BF49E759BAA} = {F4997EA7-9F4D-5A59-4DFE-EE7A31F5A2CC}
		{5CBB4996-F326-48C8-B9D1-4BEB9795516E} = {F4997EA7-9F4D-5A59-4DFE-EE7A31F5A2CC}
		{6D791E46-AB1F-43B6-A238-6958F37C2D6D} = {F4997EA7-9F4D-5A59-4DFE-EE7A31F5A2CC}
		{23760433-9B48-488C-BA2A-F4717D9E3CB0} = {F4997EA7-9F4D-5A59-4DFE-EE7A31F5A2CC}
		{0DD5BA00-8574-41B8-8B26-80B73897F3FF} = {F4997EA7-9F4D-5A59-4DFE-EE7A31F5A2CC}
		{37F2434E-4D95-421A-9F60-ACBC03614BC9} = {F4997EA7-9F4D-5A59-4DFE-EE7A31F5A2CC}
		{3A1E6E62-5F48-386D-B45D-45BF34EBD41C} = {62F680B5-5187-BDE6-1A25-A2882F39F610}
		{B97EDC1F-BECC-414F-BCA8-C59DB1BC784A} = {3A1E6E62-5F48-386D-B45D-45BF34EBD41C}
		{F65B7D3A-6A8B-4FA8-B7CC-F75933644889} = {3A1E6E62-5F48-386D-B45D-45BF34EBD41C}
		{04E816B9-1CD8-4AD9-AE61-DEBF6941EBA5} = {3A1E6E62-5F48-386D-B45D-45BF34EBD41C}
		{6FD4A4DC-5594-482B-9DB3-47155AD79B8E} = {3A1E6E62-5F48-386D-B45D-45BF34EBD41C}
		{D14EF396-9D2E-7E61-69C1-381DC1E1C0C0} = {73703BAF-1525-4A5F-A39D-613EF545FDD7}
		{60D27170-D1D7-0B3A-355C-B449CD60B933} = {D14EF396-9D2E-7E61-69C1-381DC1E1C0C0}
		{3B391D37-09D8-441F-B9A1-6CE5EE00EF74} = {60D27170-D1D7-0B3A-355C-B449CD60B933}
		{C4249536-C6E9-44B9-B921-B84E9404BB0C} = {60D27170-D1D7-0B3A-355C-B449CD60B933}
		{EE296738-CA7C-4769-9DC2-4126C9AB29F1} = {60D27170-D1D7-0B3A-355C-B449CD60B933}
		{A1474CC2-F095-4991-B80B-548EBCACF8E5} = {60D27170-D1D7-0B3A-355C-B449CD60B933}
		{DEF9C01E-7E30-4422-9190-CF354FA9ACA0} = {60D27170-D1D7-0B3A-355C-B449CD60B933}
		{5FDC151D-BB6D-431C-A27C-5DD945D85A78} = {60D27170-D1D7-0B3A-355C-B449CD60B933}
		{4B1B9A36-1A97-4546-8555-AE533232BDFC} = {60D27170-D1D7-0B3A-355C-B449CD60B933}
		{9D4D0A24-6C69-4BA6-810A-1E2D85E161BF} = {60D27170-D1D7-0B3A-355C-B449CD60B933}
		{BB2B7957-3917-8E4C-AF90-13665837272F} = {D14EF396-9D2E-7E61-69C1-381DC1E1C0C0}
		{06DD21B1-0309-49E6-84F6-9C549A2B643C} = {BB2B7957-3917-8E4C-AF90-13665837272F}
		{0A80183A-B28D-4EC4-8B1A-AADAFFE3DC18} = {BB2B7957-3917-8E4C-AF90-13665837272F}
		{ABFBF794-7520-40FD-BBF7-FE92CD1A3D7F} = {BB2B7957-3917-8E4C-AF90-13665837272F}
		{11BE55F3-A0FC-43E0-BF58-D695816D1A8A} = {BB2B7957-3917-8E4C-AF90-13665837272F}
		{914F87BF-471B-83F5-924E-1B35F5E7C09E} = {73703BAF-1525-4A5F-A39D-613EF545FDD7}
		{4794C457-D688-015E-12B8-4C52611E0E59} = {914F87BF-471B-83F5-924E-1B35F5E7C09E}
		{3E348343-5794-43BA-BD08-F75A49808F48} = {4794C457-D688-015E-12B8-4C52611E0E59}
		{F3A9992A-DDAA-497B-9B03-744E8CC7D7D5} = {4794C457-D688-015E-12B8-4C52611E0E59}
		{3E988FA0-6165-4140-8063-8D6CEF4FC8DD} = {4794C457-D688-015E-12B8-4C52611E0E59}
		{E67E180A-23DA-48E2-A1F3-D5909868DD18} = {4794C457-D688-015E-12B8-4C52611E0E59}
		{60B389AC-8845-46B7-8EBF-DA6352F15B85} = {4794C457-D688-015E-12B8-4C52611E0E59}
		{BBA47AE2-37DB-45DF-8FEF-1274ED1938FD} = {4794C457-D688-015E-12B8-4C52611E0E59}
		{E21E7696-CBB0-4510-9316-C0F4CBF038B4} = {4794C457-D688-015E-12B8-4C52611E0E59}
		{22B67571-0772-4127-BE86-EF54BDF3D3EA} = {4794C457-D688-015E-12B8-4C52611E0E59}
		{AD86D81D-05C0-B64F-86FB-E83C7FBBD8AA} = {914F87BF-471B-83F5-924E-1B35F5E7C09E}
		{5AF69246-8DDF-4B30-B092-4E6ADD7CDB0D} = {AD86D81D-05C0-B64F-86FB-E83C7FBBD8AA}
		{5BF202F6-7A36-41F0-9016-527ACC627B53} = {AD86D81D-05C0-B64F-86FB-E83C7FBBD8AA}
		{328B82AD-ACE5-4CA2-B1F2-4BA76E23A2AD} = {AD86D81D-05C0-B64F-86FB-E83C7FBBD8AA}
		{27FF5182-77F5-481A-9323-6994FFCB29D8} = {AD86D81D-05C0-B64F-86FB-E83C7FBBD8AA}
	EndGlobalSection
EndGlobal
